// !$*UTF8*$!
{
	archiveVersion = 1;
	classes = {
	};
	objectVersion = 56;
	objects = {

/* Begin PBXBuildFile section */
		033372D92C85B396009A611A /* PickerItems.swift in Sources */ = {isa = PBXBuildFile; fileRef = 033372D82C85B396009A611A /* PickerItems.swift */; };
		033372DF2C85E5F3009A611A /* NewsListView.swift in Sources */ = {isa = PBXBuildFile; fileRef = 033372DE2C85E5F3009A611A /* NewsListView.swift */; };
		033372E12C85E65F009A611A /* TickersNewsRow.swift in Sources */ = {isa = PBXBuildFile; fileRef = 033372E02C85E65F009A611A /* TickersNewsRow.swift */; };
		033372E32C85E9CF009A611A /* DateFormatterHelper.swift in Sources */ = {isa = PBXBuildFile; fileRef = 033372E22C85E9CF009A611A /* DateFormatterHelper.swift */; };
		033372E52C85EF0C009A611A /* TickerSentimentItem.swift in Sources */ = {isa = PBXBuildFile; fileRef = 033372E42C85EF0C009A611A /* TickerSentimentItem.swift */; };
		033372E72C85F64E009A611A /* NewsDetails.swift in Sources */ = {isa = PBXBuildFile; fileRef = 033372E62C85F64E009A611A /* NewsDetails.swift */; };
		033372E92C85F676009A611A /* NewsViewModel.swift in Sources */ = {isa = PBXBuildFile; fileRef = 033372E82C85F676009A611A /* NewsViewModel.swift */; };
		033372EB2C85FDE9009A611A /* AlphaAvantageNewsResponse.swift in Sources */ = {isa = PBXBuildFile; fileRef = 033372EA2C85FDE9009A611A /* AlphaAvantageNewsResponse.swift */; };
		033372F02C870E27009A611A /* TickerProfileViewModel.swift in Sources */ = {isa = PBXBuildFile; fileRef = 033372EF2C870E27009A611A /* TickerProfileViewModel.swift */; };
		033372F22C8711D4009A611A /* CompanyProfileView.swift in Sources */ = {isa = PBXBuildFile; fileRef = 033372F12C8711D4009A611A /* CompanyProfileView.swift */; };
		033372F42C874CAD009A611A /* AboutTheCompanyDescription.swift in Sources */ = {isa = PBXBuildFile; fileRef = 033372F32C874CAD009A611A /* AboutTheCompanyDescription.swift */; };
		03527AD42CA4783E0011B223 /* SociaFeedList.swift in Sources */ = {isa = PBXBuildFile; fileRef = 03527AD32CA4783E0011B223 /* SociaFeedList.swift */; };
		03527AD62CA4798D0011B223 /* SocialChatCommentRow.swift in Sources */ = {isa = PBXBuildFile; fileRef = 03527AD52CA4798D0011B223 /* SocialChatCommentRow.swift */; };
		03527AD82CA49DF00011B223 /* SocialChatDetailsView.swift in Sources */ = {isa = PBXBuildFile; fileRef = 03527AD72CA49DF00011B223 /* SocialChatDetailsView.swift */; };
		03527ADA2CA4A1A80011B223 /* ChatCommentsViewModel.swift in Sources */ = {isa = PBXBuildFile; fileRef = 03527AD92CA4A1A80011B223 /* ChatCommentsViewModel.swift */; };
		03527ADC2CA551060011B223 /* EmptyViewWithText.swift in Sources */ = {isa = PBXBuildFile; fileRef = 03527ADB2CA551060011B223 /* EmptyViewWithText.swift */; };
		03527ADE2CA5628C0011B223 /* NewPostSheet.swift in Sources */ = {isa = PBXBuildFile; fileRef = 03527ADD2CA5628C0011B223 /* NewPostSheet.swift */; };
		03527AE02CA577430011B223 /* NewCommentField.swift in Sources */ = {isa = PBXBuildFile; fileRef = 03527ADF2CA577430011B223 /* NewCommentField.swift */; };
		03527AE22CA5863A0011B223 /* ProfileIconPick.swift in Sources */ = {isa = PBXBuildFile; fileRef = 03527AE12CA5863A0011B223 /* ProfileIconPick.swift */; };
		03718EE02C7D1969007284CB /* StockWatcherApp.swift in Sources */ = {isa = PBXBuildFile; fileRef = 03718EDF2C7D1969007284CB /* StockWatcherApp.swift */; };
		03718EE22C7D1969007284CB /* ContentView.swift in Sources */ = {isa = PBXBuildFile; fileRef = 03718EE12C7D1969007284CB /* ContentView.swift */; };
		03718EE42C7D196A007284CB /* Assets.xcassets in Resources */ = {isa = PBXBuildFile; fileRef = 03718EE32C7D196A007284CB /* Assets.xcassets */; };
		03718EE72C7D196A007284CB /* Preview Assets.xcassets in Resources */ = {isa = PBXBuildFile; fileRef = 03718EE62C7D196A007284CB /* Preview Assets.xcassets */; };
		03718EF22C7E003C007284CB /* ApiClient.swift in Sources */ = {isa = PBXBuildFile; fileRef = 03718EF12C7E003C007284CB /* ApiClient.swift */; };
		03718EF42C7E1110007284CB /* UrlComponents.swift in Sources */ = {isa = PBXBuildFile; fileRef = 03718EF32C7E1110007284CB /* UrlComponents.swift */; };
		03718EF62C7E4D45007284CB /* ApiKeys.swift in Sources */ = {isa = PBXBuildFile; fileRef = 03718EF52C7E4D45007284CB /* ApiKeys.swift */; };
		03718EF82C7E4E01007284CB /* ApiErrors.swift in Sources */ = {isa = PBXBuildFile; fileRef = 03718EF72C7E4E01007284CB /* ApiErrors.swift */; };
		03718EFC2C7E8E2C007284CB /* HomeViewModel.swift in Sources */ = {isa = PBXBuildFile; fileRef = 03718EFB2C7E8E2C007284CB /* HomeViewModel.swift */; };
		03718EFF2C7E9057007284CB /* TickerProfile.swift in Sources */ = {isa = PBXBuildFile; fileRef = 03718EFE2C7E9057007284CB /* TickerProfile.swift */; };
		0373BBD32C984A2800C21627 /* GoogleSignIn in Frameworks */ = {isa = PBXBuildFile; productRef = 0373BBD22C984A2800C21627 /* GoogleSignIn */; };
		0373BBD52C984A2800C21627 /* GoogleSignInSwift in Frameworks */ = {isa = PBXBuildFile; productRef = 0373BBD42C984A2800C21627 /* GoogleSignInSwift */; };
		0373BBD72C98DA1800C21627 /* FirebaseRepository.swift in Sources */ = {isa = PBXBuildFile; fileRef = 0373BBD62C98DA1800C21627 /* FirebaseRepository.swift */; };
		0373BBD92C98E44500C21627 /* GoogleSignInButton.swift in Sources */ = {isa = PBXBuildFile; fileRef = 0373BBD82C98E44500C21627 /* GoogleSignInButton.swift */; };
		0373BBDB2C99A18100C21627 /* AppDelegate.swift in Sources */ = {isa = PBXBuildFile; fileRef = 0373BBDA2C99A18100C21627 /* AppDelegate.swift */; };
		0373BBDD2C99A47100C21627 /* GoogleService-Info.plist in Resources */ = {isa = PBXBuildFile; fileRef = 0373BBDC2C99A47100C21627 /* GoogleService-Info.plist */; };
		0373BBE22C99C91B00C21627 /* FirestoreUser.swift in Sources */ = {isa = PBXBuildFile; fileRef = 0373BBE12C99C91B00C21627 /* FirestoreUser.swift */; };
		0373BBE72C9ACBA800C21627 /* UserProfileViewModel.swift in Sources */ = {isa = PBXBuildFile; fileRef = 0373BBE62C9ACBA800C21627 /* UserProfileViewModel.swift */; };
		0373BBE92C9AE88500C21627 /* ProfileView.swift in Sources */ = {isa = PBXBuildFile; fileRef = 0373BBE82C9AE88500C21627 /* ProfileView.swift */; };
		0373BBEB2C9AE8AB00C21627 /* ProfileHeader.swift in Sources */ = {isa = PBXBuildFile; fileRef = 0373BBEA2C9AE8AB00C21627 /* ProfileHeader.swift */; };
		0373BBED2C9B918B00C21627 /* LogoutButton.swift in Sources */ = {isa = PBXBuildFile; fileRef = 0373BBEC2C9B918B00C21627 /* LogoutButton.swift */; };
		0373BBEF2C9C448200C21627 /* DeleteAccountButton.swift in Sources */ = {isa = PBXBuildFile; fileRef = 0373BBEE2C9C448200C21627 /* DeleteAccountButton.swift */; };
		0373BBF12C9DC9CE00C21627 /* WatchlistTicker.swift in Sources */ = {isa = PBXBuildFile; fileRef = 0373BBF02C9DC9CE00C21627 /* WatchlistTicker.swift */; };
		0373BBF32CA1665B00C21627 /* SocialChat.swift in Sources */ = {isa = PBXBuildFile; fileRef = 0373BBF22CA1665B00C21627 /* SocialChat.swift */; };
		0373BBF52CA1858E00C21627 /* ChatComment.swift in Sources */ = {isa = PBXBuildFile; fileRef = 0373BBF42CA1858E00C21627 /* ChatComment.swift */; };
		0373BBF72CA1E6DE00C21627 /* FavoriteButton.swift in Sources */ = {isa = PBXBuildFile; fileRef = 0373BBF62CA1E6DE00C21627 /* FavoriteButton.swift */; };
		03967A572C7F29D800707163 /* TickerSearch.swift in Sources */ = {isa = PBXBuildFile; fileRef = 03967A562C7F29D800707163 /* TickerSearch.swift */; };
		03967A592C7F5D1800707163 /* TickerQuote.swift in Sources */ = {isa = PBXBuildFile; fileRef = 03967A582C7F5D1800707163 /* TickerQuote.swift */; };
		03967A5C2C7FABE400707163 /* HomeView.swift in Sources */ = {isa = PBXBuildFile; fileRef = 03967A5B2C7FABE400707163 /* HomeView.swift */; };
		03967A5E2C7FB04000707163 /* TickerQuoteRow.swift in Sources */ = {isa = PBXBuildFile; fileRef = 03967A5D2C7FB04000707163 /* TickerQuoteRow.swift */; };
		03967A612C7FB3FF00707163 /* MonospacedStyle.swift in Sources */ = {isa = PBXBuildFile; fileRef = 03967A602C7FB3FF00707163 /* MonospacedStyle.swift */; };
		03967A632C7FCA4D00707163 /* ColouredValue.swift in Sources */ = {isa = PBXBuildFile; fileRef = 03967A622C7FCA4D00707163 /* ColouredValue.swift */; };
		03967A692C7FE27500707163 /* HotListsView.swift in Sources */ = {isa = PBXBuildFile; fileRef = 03967A682C7FE27500707163 /* HotListsView.swift */; };
		03967A6C2C7FE2E700707163 /* TickerQuoteAv.swift in Sources */ = {isa = PBXBuildFile; fileRef = 03967A6B2C7FE2E700707163 /* TickerQuoteAv.swift */; };
		03967A6F2C7FE47700707163 /* AlphaAvantageResponse.swift in Sources */ = {isa = PBXBuildFile; fileRef = 03967A6E2C7FE47700707163 /* AlphaAvantageResponse.swift */; };
		03967A712C805F0400707163 /* HotTickersViewModel.swift in Sources */ = {isa = PBXBuildFile; fileRef = 03967A702C805F0400707163 /* HotTickersViewModel.swift */; };
		03967A732C808D4100707163 /* TickerAvQuoteRow.swift in Sources */ = {isa = PBXBuildFile; fileRef = 03967A722C808D4100707163 /* TickerAvQuoteRow.swift */; };
		03967A752C808F3F00707163 /* ColouredValuesStrings.swift in Sources */ = {isa = PBXBuildFile; fileRef = 03967A742C808F3F00707163 /* ColouredValuesStrings.swift */; };
		03967A782C809AF900707163 /* HotListComponent.swift in Sources */ = {isa = PBXBuildFile; fileRef = 03967A772C809AF900707163 /* HotListComponent.swift */; };
		03967A7E2C809C4A00707163 /* TabsView.swift in Sources */ = {isa = PBXBuildFile; fileRef = 03967A7D2C809C4A00707163 /* TabsView.swift */; };
		039E46C42CA9F33F00A3FAF6 /* LikeOrDislikeAComment.swift in Sources */ = {isa = PBXBuildFile; fileRef = 039E46C32CA9F33F00A3FAF6 /* LikeOrDislikeAComment.swift */; };
		039E46C62CAA298E00A3FAF6 /* AddNewSymbolView.swift in Sources */ = {isa = PBXBuildFile; fileRef = 039E46C52CAA298E00A3FAF6 /* AddNewSymbolView.swift */; };
		03A3701C2C91A5F700F13A39 /* SearchTickerRow.swift in Sources */ = {isa = PBXBuildFile; fileRef = 03A3701B2C91A5F700F13A39 /* SearchTickerRow.swift */; };
		03A3701E2C91D5C900F13A39 /* SearchView.swift in Sources */ = {isa = PBXBuildFile; fileRef = 03A3701D2C91D5C900F13A39 /* SearchView.swift */; };
		03A370202C91D63200F13A39 /* MyList.swift in Sources */ = {isa = PBXBuildFile; fileRef = 03A3701F2C91D63200F13A39 /* MyList.swift */; };
		03A370252C935B7D00F13A39 /* FirebaseAuth in Frameworks */ = {isa = PBXBuildFile; productRef = 03A370242C935B7D00F13A39 /* FirebaseAuth */; };
		03A370272C935B7D00F13A39 /* FirebaseDatabase in Frameworks */ = {isa = PBXBuildFile; productRef = 03A370262C935B7D00F13A39 /* FirebaseDatabase */; };
		03A370292C935B7D00F13A39 /* FirebaseFirestore in Frameworks */ = {isa = PBXBuildFile; productRef = 03A370282C935B7D00F13A39 /* FirebaseFirestore */; };
		03A3702B2C935B7D00F13A39 /* FirebaseStorage in Frameworks */ = {isa = PBXBuildFile; productRef = 03A3702A2C935B7D00F13A39 /* FirebaseStorage */; };
		03A3702F2C9365EC00F13A39 /* AuthenticationView.swift in Sources */ = {isa = PBXBuildFile; fileRef = 03A3702E2C9365EC00F13A39 /* AuthenticationView.swift */; };
		03A370312C9368DC00F13A39 /* TextFields.swift in Sources */ = {isa = PBXBuildFile; fileRef = 03A370302C9368DC00F13A39 /* TextFields.swift */; };
		03A370332C93691200F13A39 /* AuthenticationViewModel.swift in Sources */ = {isa = PBXBuildFile; fileRef = 03A370322C93691200F13A39 /* AuthenticationViewModel.swift */; };
		03A370352C9369AD00F13A39 /* LoginLogo.swift in Sources */ = {isa = PBXBuildFile; fileRef = 03A370342C9369AD00F13A39 /* LoginLogo.swift */; };
		03A370372C936B7800F13A39 /* SignInToggleText.swift in Sources */ = {isa = PBXBuildFile; fileRef = 03A370362C936B7800F13A39 /* SignInToggleText.swift */; };
		03A370392C936BD900F13A39 /* ConfigurationButton.swift in Sources */ = {isa = PBXBuildFile; fileRef = 03A370382C936BD900F13A39 /* ConfigurationButton.swift */; };
		03AF61C42C885483006B1143 /* ProfileHeaderItems.swift in Sources */ = {isa = PBXBuildFile; fileRef = 03AF61C32C885483006B1143 /* ProfileHeaderItems.swift */; };
		03AF61C62C88DBE7006B1143 /* TickerDetailsView.swift in Sources */ = {isa = PBXBuildFile; fileRef = 03AF61C52C88DBE7006B1143 /* TickerDetailsView.swift */; };
		03AF61CA2C8AF782006B1143 /* PriceRangeTable.swift in Sources */ = {isa = PBXBuildFile; fileRef = 03AF61C92C8AF782006B1143 /* PriceRangeTable.swift */; };
		03AF61CC2C8B029F006B1143 /* GaugeTintByValue.swift in Sources */ = {isa = PBXBuildFile; fileRef = 03AF61CB2C8B029F006B1143 /* GaugeTintByValue.swift */; };
		03AF61CE2C8B1D7D006B1143 /* KeyRatiosTable.swift in Sources */ = {isa = PBXBuildFile; fileRef = 03AF61CD2C8B1D7D006B1143 /* KeyRatiosTable.swift */; };
		03AF61D02C8B2A38006B1143 /* NumberFormatterHelper.swift in Sources */ = {isa = PBXBuildFile; fileRef = 03AF61CF2C8B2A38006B1143 /* NumberFormatterHelper.swift */; };
		03AF61D22C8B7EFE006B1143 /* InfoTable.swift in Sources */ = {isa = PBXBuildFile; fileRef = 03AF61D12C8B7EFE006B1143 /* InfoTable.swift */; };
		03AF61D42C8B829B006B1143 /* DetailsViewModel.swift in Sources */ = {isa = PBXBuildFile; fileRef = 03AF61D32C8B829B006B1143 /* DetailsViewModel.swift */; };
		03AF61D62C8F11DE006B1143 /* TickerChart.swift in Sources */ = {isa = PBXBuildFile; fileRef = 03AF61D52C8F11DE006B1143 /* TickerChart.swift */; };
		03AF61D82C8F74A1006B1143 /* ChartLineColor.swift in Sources */ = {isa = PBXBuildFile; fileRef = 03AF61D72C8F74A1006B1143 /* ChartLineColor.swift */; };
		03B59C6D2C81F63E002DB53A /* MainRepository.swift in Sources */ = {isa = PBXBuildFile; fileRef = 03B59C6C2C81F63E002DB53A /* MainRepository.swift */; };
		03B59C6F2C81F661002DB53A /* MockRepository.swift in Sources */ = {isa = PBXBuildFile; fileRef = 03B59C6E2C81F661002DB53A /* MockRepository.swift */; };
		03B59C712C81F693002DB53A /* Protocols.swift in Sources */ = {isa = PBXBuildFile; fileRef = 03B59C702C81F693002DB53A /* Protocols.swift */; };
		03B59C732C820A07002DB53A /* TickerNews.swift in Sources */ = {isa = PBXBuildFile; fileRef = 03B59C722C820A07002DB53A /* TickerNews.swift */; };
		03B59C752C820BE6002DB53A /* TickerSentiment.swift in Sources */ = {isa = PBXBuildFile; fileRef = 03B59C742C820BE6002DB53A /* TickerSentiment.swift */; };
		03B59C772C820C17002DB53A /* ChartQuote.swift in Sources */ = {isa = PBXBuildFile; fileRef = 03B59C762C820C17002DB53A /* ChartQuote.swift */; };
		03C170E42CA2C149008EC9E8 /* SocialChatRow.swift in Sources */ = {isa = PBXBuildFile; fileRef = 03C170E32CA2C149008EC9E8 /* SocialChatRow.swift */; };
		03C170E62CA412D5008EC9E8 /* LikedOrDislikedPost.swift in Sources */ = {isa = PBXBuildFile; fileRef = 03C170E52CA412D5008EC9E8 /* LikedOrDislikedPost.swift */; };
		03C170E82CA42241008EC9E8 /* SocialFeedViewModel.swift in Sources */ = {isa = PBXBuildFile; fileRef = 03C170E72CA42241008EC9E8 /* SocialFeedViewModel.swift */; };
/* End PBXBuildFile section */

/* Begin PBXFileReference section */
		033372D82C85B396009A611A /* PickerItems.swift */ = {isa = PBXFileReference; lastKnownFileType = sourcecode.swift; path = PickerItems.swift; sourceTree = "<group>"; };
		033372DE2C85E5F3009A611A /* NewsListView.swift */ = {isa = PBXFileReference; lastKnownFileType = sourcecode.swift; path = NewsListView.swift; sourceTree = "<group>"; };
		033372E02C85E65F009A611A /* TickersNewsRow.swift */ = {isa = PBXFileReference; lastKnownFileType = sourcecode.swift; path = TickersNewsRow.swift; sourceTree = "<group>"; };
		033372E22C85E9CF009A611A /* DateFormatterHelper.swift */ = {isa = PBXFileReference; lastKnownFileType = sourcecode.swift; path = DateFormatterHelper.swift; sourceTree = "<group>"; };
		033372E42C85EF0C009A611A /* TickerSentimentItem.swift */ = {isa = PBXFileReference; lastKnownFileType = sourcecode.swift; path = TickerSentimentItem.swift; sourceTree = "<group>"; };
		033372E62C85F64E009A611A /* NewsDetails.swift */ = {isa = PBXFileReference; lastKnownFileType = sourcecode.swift; path = NewsDetails.swift; sourceTree = "<group>"; };
		033372E82C85F676009A611A /* NewsViewModel.swift */ = {isa = PBXFileReference; lastKnownFileType = sourcecode.swift; path = NewsViewModel.swift; sourceTree = "<group>"; };
		033372EA2C85FDE9009A611A /* AlphaAvantageNewsResponse.swift */ = {isa = PBXFileReference; lastKnownFileType = sourcecode.swift; path = AlphaAvantageNewsResponse.swift; sourceTree = "<group>"; };
		033372EF2C870E27009A611A /* TickerProfileViewModel.swift */ = {isa = PBXFileReference; lastKnownFileType = sourcecode.swift; path = TickerProfileViewModel.swift; sourceTree = "<group>"; };
		033372F12C8711D4009A611A /* CompanyProfileView.swift */ = {isa = PBXFileReference; lastKnownFileType = sourcecode.swift; path = CompanyProfileView.swift; sourceTree = "<group>"; };
		033372F32C874CAD009A611A /* AboutTheCompanyDescription.swift */ = {isa = PBXFileReference; lastKnownFileType = sourcecode.swift; path = AboutTheCompanyDescription.swift; sourceTree = "<group>"; };
		03527AD32CA4783E0011B223 /* SociaFeedList.swift */ = {isa = PBXFileReference; lastKnownFileType = sourcecode.swift; path = SociaFeedList.swift; sourceTree = "<group>"; };
		03527AD52CA4798D0011B223 /* SocialChatCommentRow.swift */ = {isa = PBXFileReference; lastKnownFileType = sourcecode.swift; path = SocialChatCommentRow.swift; sourceTree = "<group>"; };
		03527AD72CA49DF00011B223 /* SocialChatDetailsView.swift */ = {isa = PBXFileReference; lastKnownFileType = sourcecode.swift; path = SocialChatDetailsView.swift; sourceTree = "<group>"; };
		03527AD92CA4A1A80011B223 /* ChatCommentsViewModel.swift */ = {isa = PBXFileReference; lastKnownFileType = sourcecode.swift; path = ChatCommentsViewModel.swift; sourceTree = "<group>"; };
		03527ADB2CA551060011B223 /* EmptyViewWithText.swift */ = {isa = PBXFileReference; lastKnownFileType = sourcecode.swift; path = EmptyViewWithText.swift; sourceTree = "<group>"; };
		03527ADD2CA5628C0011B223 /* NewPostSheet.swift */ = {isa = PBXFileReference; lastKnownFileType = sourcecode.swift; path = NewPostSheet.swift; sourceTree = "<group>"; };
		03527ADF2CA577430011B223 /* NewCommentField.swift */ = {isa = PBXFileReference; lastKnownFileType = sourcecode.swift; path = NewCommentField.swift; sourceTree = "<group>"; };
		03527AE12CA5863A0011B223 /* ProfileIconPick.swift */ = {isa = PBXFileReference; lastKnownFileType = sourcecode.swift; path = ProfileIconPick.swift; sourceTree = "<group>"; };
		03718EDC2C7D1969007284CB /* StockWatcherApp.app */ = {isa = PBXFileReference; explicitFileType = wrapper.application; includeInIndex = 0; path = StockWatcherApp.app; sourceTree = BUILT_PRODUCTS_DIR; };
		03718EDF2C7D1969007284CB /* StockWatcherApp.swift */ = {isa = PBXFileReference; lastKnownFileType = sourcecode.swift; path = StockWatcherApp.swift; sourceTree = "<group>"; };
		03718EE12C7D1969007284CB /* ContentView.swift */ = {isa = PBXFileReference; lastKnownFileType = sourcecode.swift; path = ContentView.swift; sourceTree = "<group>"; };
		03718EE32C7D196A007284CB /* Assets.xcassets */ = {isa = PBXFileReference; lastKnownFileType = folder.assetcatalog; path = Assets.xcassets; sourceTree = "<group>"; };
		03718EE62C7D196A007284CB /* Preview Assets.xcassets */ = {isa = PBXFileReference; lastKnownFileType = folder.assetcatalog; path = "Preview Assets.xcassets"; sourceTree = "<group>"; };
		03718EF12C7E003C007284CB /* ApiClient.swift */ = {isa = PBXFileReference; lastKnownFileType = sourcecode.swift; path = ApiClient.swift; sourceTree = "<group>"; };
		03718EF32C7E1110007284CB /* UrlComponents.swift */ = {isa = PBXFileReference; lastKnownFileType = sourcecode.swift; path = UrlComponents.swift; sourceTree = "<group>"; };
		03718EF52C7E4D45007284CB /* ApiKeys.swift */ = {isa = PBXFileReference; lastKnownFileType = sourcecode.swift; path = ApiKeys.swift; sourceTree = "<group>"; };
		03718EF72C7E4E01007284CB /* ApiErrors.swift */ = {isa = PBXFileReference; lastKnownFileType = sourcecode.swift; path = ApiErrors.swift; sourceTree = "<group>"; };
		03718EFB2C7E8E2C007284CB /* HomeViewModel.swift */ = {isa = PBXFileReference; lastKnownFileType = sourcecode.swift; path = HomeViewModel.swift; sourceTree = "<group>"; };
		03718EFE2C7E9057007284CB /* TickerProfile.swift */ = {isa = PBXFileReference; lastKnownFileType = sourcecode.swift; path = TickerProfile.swift; sourceTree = "<group>"; };
		0373BBD62C98DA1800C21627 /* FirebaseRepository.swift */ = {isa = PBXFileReference; lastKnownFileType = sourcecode.swift; path = FirebaseRepository.swift; sourceTree = "<group>"; };
		0373BBD82C98E44500C21627 /* GoogleSignInButton.swift */ = {isa = PBXFileReference; lastKnownFileType = sourcecode.swift; path = GoogleSignInButton.swift; sourceTree = "<group>"; };
		0373BBDA2C99A18100C21627 /* AppDelegate.swift */ = {isa = PBXFileReference; lastKnownFileType = sourcecode.swift; path = AppDelegate.swift; sourceTree = "<group>"; };
		0373BBDC2C99A47100C21627 /* GoogleService-Info.plist */ = {isa = PBXFileReference; fileEncoding = 4; lastKnownFileType = text.plist.xml; path = "GoogleService-Info.plist"; sourceTree = "<group>"; };
		0373BBE12C99C91B00C21627 /* FirestoreUser.swift */ = {isa = PBXFileReference; lastKnownFileType = sourcecode.swift; path = FirestoreUser.swift; sourceTree = "<group>"; };
		0373BBE62C9ACBA800C21627 /* UserProfileViewModel.swift */ = {isa = PBXFileReference; lastKnownFileType = sourcecode.swift; path = UserProfileViewModel.swift; sourceTree = "<group>"; };
		0373BBE82C9AE88500C21627 /* ProfileView.swift */ = {isa = PBXFileReference; lastKnownFileType = sourcecode.swift; path = ProfileView.swift; sourceTree = "<group>"; };
		0373BBEA2C9AE8AB00C21627 /* ProfileHeader.swift */ = {isa = PBXFileReference; lastKnownFileType = sourcecode.swift; path = ProfileHeader.swift; sourceTree = "<group>"; };
		0373BBEC2C9B918B00C21627 /* LogoutButton.swift */ = {isa = PBXFileReference; lastKnownFileType = sourcecode.swift; path = LogoutButton.swift; sourceTree = "<group>"; };
		0373BBEE2C9C448200C21627 /* DeleteAccountButton.swift */ = {isa = PBXFileReference; lastKnownFileType = sourcecode.swift; path = DeleteAccountButton.swift; sourceTree = "<group>"; };
		0373BBF02C9DC9CE00C21627 /* WatchlistTicker.swift */ = {isa = PBXFileReference; lastKnownFileType = sourcecode.swift; path = WatchlistTicker.swift; sourceTree = "<group>"; };
		0373BBF22CA1665B00C21627 /* SocialChat.swift */ = {isa = PBXFileReference; lastKnownFileType = sourcecode.swift; path = SocialChat.swift; sourceTree = "<group>"; };
		0373BBF42CA1858E00C21627 /* ChatComment.swift */ = {isa = PBXFileReference; lastKnownFileType = sourcecode.swift; path = ChatComment.swift; sourceTree = "<group>"; };
		0373BBF62CA1E6DE00C21627 /* FavoriteButton.swift */ = {isa = PBXFileReference; lastKnownFileType = sourcecode.swift; path = FavoriteButton.swift; sourceTree = "<group>"; };
		03967A562C7F29D800707163 /* TickerSearch.swift */ = {isa = PBXFileReference; lastKnownFileType = sourcecode.swift; path = TickerSearch.swift; sourceTree = "<group>"; };
		03967A582C7F5D1800707163 /* TickerQuote.swift */ = {isa = PBXFileReference; lastKnownFileType = sourcecode.swift; path = TickerQuote.swift; sourceTree = "<group>"; };
		03967A5B2C7FABE400707163 /* HomeView.swift */ = {isa = PBXFileReference; lastKnownFileType = sourcecode.swift; path = HomeView.swift; sourceTree = "<group>"; };
		03967A5D2C7FB04000707163 /* TickerQuoteRow.swift */ = {isa = PBXFileReference; lastKnownFileType = sourcecode.swift; path = TickerQuoteRow.swift; sourceTree = "<group>"; };
		03967A602C7FB3FF00707163 /* MonospacedStyle.swift */ = {isa = PBXFileReference; lastKnownFileType = sourcecode.swift; path = MonospacedStyle.swift; sourceTree = "<group>"; };
		03967A622C7FCA4D00707163 /* ColouredValue.swift */ = {isa = PBXFileReference; lastKnownFileType = sourcecode.swift; path = ColouredValue.swift; sourceTree = "<group>"; };
		03967A682C7FE27500707163 /* HotListsView.swift */ = {isa = PBXFileReference; lastKnownFileType = sourcecode.swift; path = HotListsView.swift; sourceTree = "<group>"; };
		03967A6B2C7FE2E700707163 /* TickerQuoteAv.swift */ = {isa = PBXFileReference; lastKnownFileType = sourcecode.swift; path = TickerQuoteAv.swift; sourceTree = "<group>"; };
		03967A6E2C7FE47700707163 /* AlphaAvantageResponse.swift */ = {isa = PBXFileReference; lastKnownFileType = sourcecode.swift; path = AlphaAvantageResponse.swift; sourceTree = "<group>"; };
		03967A702C805F0400707163 /* HotTickersViewModel.swift */ = {isa = PBXFileReference; lastKnownFileType = sourcecode.swift; path = HotTickersViewModel.swift; sourceTree = "<group>"; };
		03967A722C808D4100707163 /* TickerAvQuoteRow.swift */ = {isa = PBXFileReference; lastKnownFileType = sourcecode.swift; path = TickerAvQuoteRow.swift; sourceTree = "<group>"; };
		03967A742C808F3F00707163 /* ColouredValuesStrings.swift */ = {isa = PBXFileReference; lastKnownFileType = sourcecode.swift; path = ColouredValuesStrings.swift; sourceTree = "<group>"; };
		03967A772C809AF900707163 /* HotListComponent.swift */ = {isa = PBXFileReference; lastKnownFileType = sourcecode.swift; path = HotListComponent.swift; sourceTree = "<group>"; };
		03967A7D2C809C4A00707163 /* TabsView.swift */ = {isa = PBXFileReference; lastKnownFileType = sourcecode.swift; path = TabsView.swift; sourceTree = "<group>"; };
		039E46C32CA9F33F00A3FAF6 /* LikeOrDislikeAComment.swift */ = {isa = PBXFileReference; lastKnownFileType = sourcecode.swift; path = LikeOrDislikeAComment.swift; sourceTree = "<group>"; };
		039E46C52CAA298E00A3FAF6 /* AddNewSymbolView.swift */ = {isa = PBXFileReference; lastKnownFileType = sourcecode.swift; path = AddNewSymbolView.swift; sourceTree = "<group>"; };
		03A3701B2C91A5F700F13A39 /* SearchTickerRow.swift */ = {isa = PBXFileReference; lastKnownFileType = sourcecode.swift; path = SearchTickerRow.swift; sourceTree = "<group>"; };
		03A3701D2C91D5C900F13A39 /* SearchView.swift */ = {isa = PBXFileReference; lastKnownFileType = sourcecode.swift; path = SearchView.swift; sourceTree = "<group>"; };
		03A3701F2C91D63200F13A39 /* MyList.swift */ = {isa = PBXFileReference; lastKnownFileType = sourcecode.swift; path = MyList.swift; sourceTree = "<group>"; };
		03A3702E2C9365EC00F13A39 /* AuthenticationView.swift */ = {isa = PBXFileReference; lastKnownFileType = sourcecode.swift; path = AuthenticationView.swift; sourceTree = "<group>"; };
		03A370302C9368DC00F13A39 /* TextFields.swift */ = {isa = PBXFileReference; lastKnownFileType = sourcecode.swift; path = TextFields.swift; sourceTree = "<group>"; };
		03A370322C93691200F13A39 /* AuthenticationViewModel.swift */ = {isa = PBXFileReference; lastKnownFileType = sourcecode.swift; path = AuthenticationViewModel.swift; sourceTree = "<group>"; };
		03A370342C9369AD00F13A39 /* LoginLogo.swift */ = {isa = PBXFileReference; lastKnownFileType = sourcecode.swift; path = LoginLogo.swift; sourceTree = "<group>"; };
		03A370362C936B7800F13A39 /* SignInToggleText.swift */ = {isa = PBXFileReference; lastKnownFileType = sourcecode.swift; path = SignInToggleText.swift; sourceTree = "<group>"; };
		03A370382C936BD900F13A39 /* ConfigurationButton.swift */ = {isa = PBXFileReference; lastKnownFileType = sourcecode.swift; path = ConfigurationButton.swift; sourceTree = "<group>"; };
		03AF61C32C885483006B1143 /* ProfileHeaderItems.swift */ = {isa = PBXFileReference; lastKnownFileType = sourcecode.swift; path = ProfileHeaderItems.swift; sourceTree = "<group>"; };
		03AF61C52C88DBE7006B1143 /* TickerDetailsView.swift */ = {isa = PBXFileReference; lastKnownFileType = sourcecode.swift; path = TickerDetailsView.swift; sourceTree = "<group>"; };
		03AF61C92C8AF782006B1143 /* PriceRangeTable.swift */ = {isa = PBXFileReference; lastKnownFileType = sourcecode.swift; path = PriceRangeTable.swift; sourceTree = "<group>"; };
		03AF61CB2C8B029F006B1143 /* GaugeTintByValue.swift */ = {isa = PBXFileReference; lastKnownFileType = sourcecode.swift; path = GaugeTintByValue.swift; sourceTree = "<group>"; };
		03AF61CD2C8B1D7D006B1143 /* KeyRatiosTable.swift */ = {isa = PBXFileReference; lastKnownFileType = sourcecode.swift; path = KeyRatiosTable.swift; sourceTree = "<group>"; };
		03AF61CF2C8B2A38006B1143 /* NumberFormatterHelper.swift */ = {isa = PBXFileReference; lastKnownFileType = sourcecode.swift; path = NumberFormatterHelper.swift; sourceTree = "<group>"; };
		03AF61D12C8B7EFE006B1143 /* InfoTable.swift */ = {isa = PBXFileReference; lastKnownFileType = sourcecode.swift; path = InfoTable.swift; sourceTree = "<group>"; };
		03AF61D32C8B829B006B1143 /* DetailsViewModel.swift */ = {isa = PBXFileReference; lastKnownFileType = sourcecode.swift; path = DetailsViewModel.swift; sourceTree = "<group>"; };
		03AF61D52C8F11DE006B1143 /* TickerChart.swift */ = {isa = PBXFileReference; lastKnownFileType = sourcecode.swift; path = TickerChart.swift; sourceTree = "<group>"; };
		03AF61D72C8F74A1006B1143 /* ChartLineColor.swift */ = {isa = PBXFileReference; lastKnownFileType = sourcecode.swift; path = ChartLineColor.swift; sourceTree = "<group>"; };
		03B59C6A2C81C7B0002DB53A /* Info.plist */ = {isa = PBXFileReference; lastKnownFileType = text.plist; path = Info.plist; sourceTree = "<group>"; };
		03B59C6C2C81F63E002DB53A /* MainRepository.swift */ = {isa = PBXFileReference; lastKnownFileType = sourcecode.swift; path = MainRepository.swift; sourceTree = "<group>"; };
		03B59C6E2C81F661002DB53A /* MockRepository.swift */ = {isa = PBXFileReference; lastKnownFileType = sourcecode.swift; path = MockRepository.swift; sourceTree = "<group>"; };
		03B59C702C81F693002DB53A /* Protocols.swift */ = {isa = PBXFileReference; lastKnownFileType = sourcecode.swift; path = Protocols.swift; sourceTree = "<group>"; };
		03B59C722C820A07002DB53A /* TickerNews.swift */ = {isa = PBXFileReference; lastKnownFileType = sourcecode.swift; path = TickerNews.swift; sourceTree = "<group>"; };
		03B59C742C820BE6002DB53A /* TickerSentiment.swift */ = {isa = PBXFileReference; lastKnownFileType = sourcecode.swift; path = TickerSentiment.swift; sourceTree = "<group>"; };
		03B59C762C820C17002DB53A /* ChartQuote.swift */ = {isa = PBXFileReference; lastKnownFileType = sourcecode.swift; path = ChartQuote.swift; sourceTree = "<group>"; };
		03C170E32CA2C149008EC9E8 /* SocialChatRow.swift */ = {isa = PBXFileReference; lastKnownFileType = sourcecode.swift; path = SocialChatRow.swift; sourceTree = "<group>"; };
		03C170E52CA412D5008EC9E8 /* LikedOrDislikedPost.swift */ = {isa = PBXFileReference; lastKnownFileType = sourcecode.swift; path = LikedOrDislikedPost.swift; sourceTree = "<group>"; };
		03C170E72CA42241008EC9E8 /* SocialFeedViewModel.swift */ = {isa = PBXFileReference; lastKnownFileType = sourcecode.swift; path = SocialFeedViewModel.swift; sourceTree = "<group>"; };
/* End PBXFileReference section */

/* Begin PBXFrameworksBuildPhase section */
		03718ED92C7D1969007284CB /* Frameworks */ = {
			isa = PBXFrameworksBuildPhase;
			buildActionMask = 2147483647;
			files = (
				0373BBD32C984A2800C21627 /* GoogleSignIn in Frameworks */,
				03A370272C935B7D00F13A39 /* FirebaseDatabase in Frameworks */,
				03A3702B2C935B7D00F13A39 /* FirebaseStorage in Frameworks */,
				0373BBD52C984A2800C21627 /* GoogleSignInSwift in Frameworks */,
				03A370252C935B7D00F13A39 /* FirebaseAuth in Frameworks */,
				03A370292C935B7D00F13A39 /* FirebaseFirestore in Frameworks */,
			);
			runOnlyForDeploymentPostprocessing = 0;
		};
/* End PBXFrameworksBuildPhase section */

/* Begin PBXGroup section */
		033372DA2C85E34A009A611A /* DetailsTicker */ = {
			isa = PBXGroup;
			children = (
				03AF61C72C8907A9006B1143 /* Components */,
				03AF61C82C8907B0006B1143 /* ViewModels */,
				03AF61C52C88DBE7006B1143 /* TickerDetailsView.swift */,
			);
			path = DetailsTicker;
			sourceTree = "<group>";
		};
		033372DB2C85E5B4009A611A /* News */ = {
			isa = PBXGroup;
			children = (
				033372DD2C85E5D3009A611A /* ViewModels */,
				033372DC2C85E5CA009A611A /* Components */,
				033372DE2C85E5F3009A611A /* NewsListView.swift */,
			);
			path = News;
			sourceTree = "<group>";
		};
		033372DC2C85E5CA009A611A /* Components */ = {
			isa = PBXGroup;
			children = (
				033372E62C85F64E009A611A /* NewsDetails.swift */,
				033372E02C85E65F009A611A /* TickersNewsRow.swift */,
				033372E42C85EF0C009A611A /* TickerSentimentItem.swift */,
			);
			path = Components;
			sourceTree = "<group>";
		};
		033372DD2C85E5D3009A611A /* ViewModels */ = {
			isa = PBXGroup;
			children = (
				033372E82C85F676009A611A /* NewsViewModel.swift */,
			);
			path = ViewModels;
			sourceTree = "<group>";
		};
		033372EC2C870DE4009A611A /* CompanyProfile */ = {
			isa = PBXGroup;
			children = (
				033372EE2C870E0E009A611A /* Components */,
				033372ED2C870DEC009A611A /* ViewModels */,
				033372F12C8711D4009A611A /* CompanyProfileView.swift */,
			);
			path = CompanyProfile;
			sourceTree = "<group>";
		};
		033372ED2C870DEC009A611A /* ViewModels */ = {
			isa = PBXGroup;
			children = (
				033372EF2C870E27009A611A /* TickerProfileViewModel.swift */,
			);
			path = ViewModels;
			sourceTree = "<group>";
		};
		033372EE2C870E0E009A611A /* Components */ = {
			isa = PBXGroup;
			children = (
				033372F32C874CAD009A611A /* AboutTheCompanyDescription.swift */,
				03AF61D12C8B7EFE006B1143 /* InfoTable.swift */,
			);
			path = Components;
			sourceTree = "<group>";
		};
		03718ED32C7D1969007284CB = {
			isa = PBXGroup;
			children = (
				0373BBDC2C99A47100C21627 /* GoogleService-Info.plist */,
				03718EDE2C7D1969007284CB /* StockWatcherApp */,
				03718EDD2C7D1969007284CB /* Products */,
			);
			sourceTree = "<group>";
		};
		03718EDD2C7D1969007284CB /* Products */ = {
			isa = PBXGroup;
			children = (
				03718EDC2C7D1969007284CB /* StockWatcherApp.app */,
			);
			name = Products;
			sourceTree = "<group>";
		};
		03718EDE2C7D1969007284CB /* StockWatcherApp */ = {
			isa = PBXGroup;
			children = (
				03B59C6A2C81C7B0002DB53A /* Info.plist */,
				03718EDF2C7D1969007284CB /* StockWatcherApp.swift */,
				03718EE12C7D1969007284CB /* ContentView.swift */,
				0373BBDA2C99A18100C21627 /* AppDelegate.swift */,
				03718EEF2C7DFF99007284CB /* Helpers */,
				03B59C6B2C81F61C002DB53A /* Repositories */,
				03718EEE2C7DFF8D007284CB /* ApiService */,
				03718EED2C7DFF87007284CB /* Models */,
				03718EF02C7DFFA2007284CB /* Views */,
				03718EE32C7D196A007284CB /* Assets.xcassets */,
				03718EE52C7D196A007284CB /* Preview Content */,
			);
			path = StockWatcherApp;
			sourceTree = "<group>";
		};
		03718EE52C7D196A007284CB /* Preview Content */ = {
			isa = PBXGroup;
			children = (
				03718EE62C7D196A007284CB /* Preview Assets.xcassets */,
			);
			path = "Preview Content";
			sourceTree = "<group>";
		};
		03718EED2C7DFF87007284CB /* Models */ = {
			isa = PBXGroup;
			children = (
				0373BBE02C99C90600C21627 /* FirebaseModels */,
				03967A6A2C7FE2A100707163 /* AlphaAvantageModels */,
				03718EFD2C7E8F61007284CB /* FmpServiceModels */,
			);
			path = Models;
			sourceTree = "<group>";
		};
		03718EEE2C7DFF8D007284CB /* ApiService */ = {
			isa = PBXGroup;
			children = (
				03718EF12C7E003C007284CB /* ApiClient.swift */,
			);
			path = ApiService;
			sourceTree = "<group>";
		};
		03718EEF2C7DFF99007284CB /* Helpers */ = {
			isa = PBXGroup;
			children = (
				03967A642C7FDBF300707163 /* Enums */,
				03967A5F2C7FB3E200707163 /* Modifiers */,
			);
			path = Helpers;
			sourceTree = "<group>";
		};
		03718EF02C7DFFA2007284CB /* Views */ = {
			isa = PBXGroup;
			children = (
				03967A7D2C809C4A00707163 /* TabsView.swift */,
				033372EC2C870DE4009A611A /* CompanyProfile */,
				033372DB2C85E5B4009A611A /* News */,
				033372DA2C85E34A009A611A /* DetailsTicker */,
				03B59C7A2C822277002DB53A /* Authentication */,
				03B59C792C82226F002DB53A /* UserProfile */,
				03B59C782C822250002DB53A /* SocialFeed */,
				03967A652C7FE21700707163 /* HotLists */,
				03718EF92C7E8E06007284CB /* Home */,
			);
			path = Views;
			sourceTree = "<group>";
		};
		03718EF92C7E8E06007284CB /* Home */ = {
			isa = PBXGroup;
			children = (
				03967A5A2C7FA59300707163 /* Components */,
				03718EFA2C7E8E1B007284CB /* ViewModels */,
				03967A5B2C7FABE400707163 /* HomeView.swift */,
			);
			path = Home;
			sourceTree = "<group>";
		};
		03718EFA2C7E8E1B007284CB /* ViewModels */ = {
			isa = PBXGroup;
			children = (
				03718EFB2C7E8E2C007284CB /* HomeViewModel.swift */,
			);
			path = ViewModels;
			sourceTree = "<group>";
		};
		03718EFD2C7E8F61007284CB /* FmpServiceModels */ = {
			isa = PBXGroup;
			children = (
				03718EFE2C7E9057007284CB /* TickerProfile.swift */,
				03967A562C7F29D800707163 /* TickerSearch.swift */,
				03967A582C7F5D1800707163 /* TickerQuote.swift */,
				03B59C762C820C17002DB53A /* ChartQuote.swift */,
			);
			path = FmpServiceModels;
			sourceTree = "<group>";
		};
		0373BBE02C99C90600C21627 /* FirebaseModels */ = {
			isa = PBXGroup;
			children = (
				0373BBE12C99C91B00C21627 /* FirestoreUser.swift */,
				0373BBF02C9DC9CE00C21627 /* WatchlistTicker.swift */,
				0373BBF22CA1665B00C21627 /* SocialChat.swift */,
				0373BBF42CA1858E00C21627 /* ChatComment.swift */,
				03C170E52CA412D5008EC9E8 /* LikedOrDislikedPost.swift */,
				039E46C32CA9F33F00A3FAF6 /* LikeOrDislikeAComment.swift */,
			);
			path = FirebaseModels;
			sourceTree = "<group>";
		};
		0373BBE32C9ACB7700C21627 /* Components */ = {
			isa = PBXGroup;
			children = (
				0373BBEA2C9AE8AB00C21627 /* ProfileHeader.swift */,
				0373BBEC2C9B918B00C21627 /* LogoutButton.swift */,
				0373BBEE2C9C448200C21627 /* DeleteAccountButton.swift */,
			);
			path = Components;
			sourceTree = "<group>";
		};
		0373BBE42C9ACB8200C21627 /* ViewModels */ = {
			isa = PBXGroup;
			children = (
				0373BBE62C9ACBA800C21627 /* UserProfileViewModel.swift */,
			);
			path = ViewModels;
			sourceTree = "<group>";
		};
		03967A5A2C7FA59300707163 /* Components */ = {
			isa = PBXGroup;
			children = (
				03967A5D2C7FB04000707163 /* TickerQuoteRow.swift */,
				03A3701B2C91A5F700F13A39 /* SearchTickerRow.swift */,
				03A3701D2C91D5C900F13A39 /* SearchView.swift */,
				03A3701F2C91D63200F13A39 /* MyList.swift */,
				039E46C52CAA298E00A3FAF6 /* AddNewSymbolView.swift */,
			);
			path = Components;
			sourceTree = "<group>";
		};
		03967A5F2C7FB3E200707163 /* Modifiers */ = {
			isa = PBXGroup;
			children = (
				03967A602C7FB3FF00707163 /* MonospacedStyle.swift */,
				03967A622C7FCA4D00707163 /* ColouredValue.swift */,
				03967A742C808F3F00707163 /* ColouredValuesStrings.swift */,
				03AF61CB2C8B029F006B1143 /* GaugeTintByValue.swift */,
			);
			path = Modifiers;
			sourceTree = "<group>";
		};
		03967A642C7FDBF300707163 /* Enums */ = {
			isa = PBXGroup;
			children = (
				033372E22C85E9CF009A611A /* DateFormatterHelper.swift */,
				03AF61CF2C8B2A38006B1143 /* NumberFormatterHelper.swift */,
				03718EF32C7E1110007284CB /* UrlComponents.swift */,
				03718EF52C7E4D45007284CB /* ApiKeys.swift */,
				03718EF72C7E4E01007284CB /* ApiErrors.swift */,
				033372D82C85B396009A611A /* PickerItems.swift */,
				03AF61D72C8F74A1006B1143 /* ChartLineColor.swift */,
			);
			path = Enums;
			sourceTree = "<group>";
		};
		03967A652C7FE21700707163 /* HotLists */ = {
			isa = PBXGroup;
			children = (
				03967A672C7FE24800707163 /* Components */,
				03967A662C7FE23A00707163 /* ViewModels */,
				03967A682C7FE27500707163 /* HotListsView.swift */,
			);
			path = HotLists;
			sourceTree = "<group>";
		};
		03967A662C7FE23A00707163 /* ViewModels */ = {
			isa = PBXGroup;
			children = (
				03967A702C805F0400707163 /* HotTickersViewModel.swift */,
			);
			path = ViewModels;
			sourceTree = "<group>";
		};
		03967A672C7FE24800707163 /* Components */ = {
			isa = PBXGroup;
			children = (
				03967A722C808D4100707163 /* TickerAvQuoteRow.swift */,
				03967A772C809AF900707163 /* HotListComponent.swift */,
			);
			path = Components;
			sourceTree = "<group>";
		};
		03967A6A2C7FE2A100707163 /* AlphaAvantageModels */ = {
			isa = PBXGroup;
			children = (
				03967A6B2C7FE2E700707163 /* TickerQuoteAv.swift */,
				03967A6E2C7FE47700707163 /* AlphaAvantageResponse.swift */,
				033372EA2C85FDE9009A611A /* AlphaAvantageNewsResponse.swift */,
				03B59C722C820A07002DB53A /* TickerNews.swift */,
				03B59C742C820BE6002DB53A /* TickerSentiment.swift */,
			);
			path = AlphaAvantageModels;
			sourceTree = "<group>";
		};
		03A3702C2C9365CC00F13A39 /* Components */ = {
			isa = PBXGroup;
			children = (
				03A370302C9368DC00F13A39 /* TextFields.swift */,
				03A370342C9369AD00F13A39 /* LoginLogo.swift */,
				03A370362C936B7800F13A39 /* SignInToggleText.swift */,
				03A370382C936BD900F13A39 /* ConfigurationButton.swift */,
				0373BBD82C98E44500C21627 /* GoogleSignInButton.swift */,
				03527AE12CA5863A0011B223 /* ProfileIconPick.swift */,
			);
			path = Components;
			sourceTree = "<group>";
		};
		03A3702D2C9365D300F13A39 /* ViewModels */ = {
			isa = PBXGroup;
			children = (
				03A370322C93691200F13A39 /* AuthenticationViewModel.swift */,
			);
			path = ViewModels;
			sourceTree = "<group>";
		};
		03AF61C72C8907A9006B1143 /* Components */ = {
			isa = PBXGroup;
			children = (
				03AF61C32C885483006B1143 /* ProfileHeaderItems.swift */,
				03AF61C92C8AF782006B1143 /* PriceRangeTable.swift */,
				03AF61CD2C8B1D7D006B1143 /* KeyRatiosTable.swift */,
				03AF61D52C8F11DE006B1143 /* TickerChart.swift */,
				0373BBF62CA1E6DE00C21627 /* FavoriteButton.swift */,
			);
			path = Components;
			sourceTree = "<group>";
		};
		03AF61C82C8907B0006B1143 /* ViewModels */ = {
			isa = PBXGroup;
			children = (
				03AF61D32C8B829B006B1143 /* DetailsViewModel.swift */,
			);
			path = ViewModels;
			sourceTree = "<group>";
		};
		03B59C6B2C81F61C002DB53A /* Repositories */ = {
			isa = PBXGroup;
			children = (
				03B59C6C2C81F63E002DB53A /* MainRepository.swift */,
				03B59C6E2C81F661002DB53A /* MockRepository.swift */,
				0373BBD62C98DA1800C21627 /* FirebaseRepository.swift */,
				03B59C702C81F693002DB53A /* Protocols.swift */,
			);
			path = Repositories;
			sourceTree = "<group>";
		};
		03B59C782C822250002DB53A /* SocialFeed */ = {
			isa = PBXGroup;
			children = (
				03C170E12CA2C0FF008EC9E8 /* ViewModels */,
				03C170E02CA2C0F3008EC9E8 /* Components */,
			);
			path = SocialFeed;
			sourceTree = "<group>";
		};
		03B59C792C82226F002DB53A /* UserProfile */ = {
			isa = PBXGroup;
			children = (
				0373BBE42C9ACB8200C21627 /* ViewModels */,
				0373BBE32C9ACB7700C21627 /* Components */,
				0373BBE82C9AE88500C21627 /* ProfileView.swift */,
			);
			path = UserProfile;
			sourceTree = "<group>";
		};
		03B59C7A2C822277002DB53A /* Authentication */ = {
			isa = PBXGroup;
			children = (
				03A3702D2C9365D300F13A39 /* ViewModels */,
				03A3702C2C9365CC00F13A39 /* Components */,
				03A3702E2C9365EC00F13A39 /* AuthenticationView.swift */,
			);
			path = Authentication;
			sourceTree = "<group>";
		};
		03C170E02CA2C0F3008EC9E8 /* Components */ = {
			isa = PBXGroup;
			children = (
				03C170E32CA2C149008EC9E8 /* SocialChatRow.swift */,
				03527AD52CA4798D0011B223 /* SocialChatCommentRow.swift */,
				03527AD32CA4783E0011B223 /* SociaFeedList.swift */,
				03527AD72CA49DF00011B223 /* SocialChatDetailsView.swift */,
				03527ADB2CA551060011B223 /* EmptyViewWithText.swift */,
				03527ADD2CA5628C0011B223 /* NewPostSheet.swift */,
				03527ADF2CA577430011B223 /* NewCommentField.swift */,
			);
			path = Components;
			sourceTree = "<group>";
		};
		03C170E12CA2C0FF008EC9E8 /* ViewModels */ = {
			isa = PBXGroup;
			children = (
				03C170E72CA42241008EC9E8 /* SocialFeedViewModel.swift */,
				03527AD92CA4A1A80011B223 /* ChatCommentsViewModel.swift */,
			);
			path = ViewModels;
			sourceTree = "<group>";
		};
/* End PBXGroup section */

/* Begin PBXNativeTarget section */
		03718EDB2C7D1969007284CB /* StockWatcherApp */ = {
			isa = PBXNativeTarget;
			buildConfigurationList = 03718EEA2C7D196A007284CB /* Build configuration list for PBXNativeTarget "StockWatcherApp" */;
			buildPhases = (
				03718ED82C7D1969007284CB /* Sources */,
				03718ED92C7D1969007284CB /* Frameworks */,
				03718EDA2C7D1969007284CB /* Resources */,
			);
			buildRules = (
			);
			dependencies = (
			);
			name = StockWatcherApp;
			packageProductDependencies = (
				03A370242C935B7D00F13A39 /* FirebaseAuth */,
				03A370262C935B7D00F13A39 /* FirebaseDatabase */,
				03A370282C935B7D00F13A39 /* FirebaseFirestore */,
				03A3702A2C935B7D00F13A39 /* FirebaseStorage */,
				0373BBD22C984A2800C21627 /* GoogleSignIn */,
				0373BBD42C984A2800C21627 /* GoogleSignInSwift */,
			);
			productName = StockWatcherApp;
			productReference = 03718EDC2C7D1969007284CB /* StockWatcherApp.app */;
			productType = "com.apple.product-type.application";
		};
/* End PBXNativeTarget section */

/* Begin PBXProject section */
		03718ED42C7D1969007284CB /* Project object */ = {
			isa = PBXProject;
			attributes = {
				BuildIndependentTargetsInParallel = 1;
				LastSwiftUpdateCheck = 1540;
				LastUpgradeCheck = 1540;
				TargetAttributes = {
					03718EDB2C7D1969007284CB = {
						CreatedOnToolsVersion = 15.4;
					};
				};
			};
			buildConfigurationList = 03718ED72C7D1969007284CB /* Build configuration list for PBXProject "StockWatcherApp" */;
			compatibilityVersion = "Xcode 14.0";
			developmentRegion = en;
			hasScannedForEncodings = 0;
			knownRegions = (
				en,
				Base,
			);
			mainGroup = 03718ED32C7D1969007284CB;
			packageReferences = (
				03A370232C935B7D00F13A39 /* XCRemoteSwiftPackageReference "firebase-ios-sdk" */,
				0373BBD12C984A2800C21627 /* XCRemoteSwiftPackageReference "GoogleSignIn-iOS" */,
			);
			productRefGroup = 03718EDD2C7D1969007284CB /* Products */;
			projectDirPath = "";
			projectRoot = "";
			targets = (
				03718EDB2C7D1969007284CB /* StockWatcherApp */,
			);
		};
/* End PBXProject section */

/* Begin PBXResourcesBuildPhase section */
		03718EDA2C7D1969007284CB /* Resources */ = {
			isa = PBXResourcesBuildPhase;
			buildActionMask = 2147483647;
			files = (
				03718EE72C7D196A007284CB /* Preview Assets.xcassets in Resources */,
				03718EE42C7D196A007284CB /* Assets.xcassets in Resources */,
				0373BBDD2C99A47100C21627 /* GoogleService-Info.plist in Resources */,
			);
			runOnlyForDeploymentPostprocessing = 0;
		};
/* End PBXResourcesBuildPhase section */

/* Begin PBXSourcesBuildPhase section */
		03718ED82C7D1969007284CB /* Sources */ = {
			isa = PBXSourcesBuildPhase;
			buildActionMask = 2147483647;
			files = (
				03A370392C936BD900F13A39 /* ConfigurationButton.swift in Sources */,
				033372E32C85E9CF009A611A /* DateFormatterHelper.swift in Sources */,
				03A3702F2C9365EC00F13A39 /* AuthenticationView.swift in Sources */,
				033372F02C870E27009A611A /* TickerProfileViewModel.swift in Sources */,
				03AF61C62C88DBE7006B1143 /* TickerDetailsView.swift in Sources */,
				03967A632C7FCA4D00707163 /* ColouredValue.swift in Sources */,
				03967A782C809AF900707163 /* HotListComponent.swift in Sources */,
				0373BBF72CA1E6DE00C21627 /* FavoriteButton.swift in Sources */,
				03967A692C7FE27500707163 /* HotListsView.swift in Sources */,
				039E46C62CAA298E00A3FAF6 /* AddNewSymbolView.swift in Sources */,
				03718EE22C7D1969007284CB /* ContentView.swift in Sources */,
				03718EFF2C7E9057007284CB /* TickerProfile.swift in Sources */,
				03967A712C805F0400707163 /* HotTickersViewModel.swift in Sources */,
				03967A752C808F3F00707163 /* ColouredValuesStrings.swift in Sources */,
				0373BBDB2C99A18100C21627 /* AppDelegate.swift in Sources */,
				03AF61CE2C8B1D7D006B1143 /* KeyRatiosTable.swift in Sources */,
				03A370352C9369AD00F13A39 /* LoginLogo.swift in Sources */,
				033372DF2C85E5F3009A611A /* NewsListView.swift in Sources */,
				03AF61D82C8F74A1006B1143 /* ChartLineColor.swift in Sources */,
				03527AD82CA49DF00011B223 /* SocialChatDetailsView.swift in Sources */,
				0373BBE72C9ACBA800C21627 /* UserProfileViewModel.swift in Sources */,
				0373BBEB2C9AE8AB00C21627 /* ProfileHeader.swift in Sources */,
				0373BBED2C9B918B00C21627 /* LogoutButton.swift in Sources */,
				033372E72C85F64E009A611A /* NewsDetails.swift in Sources */,
				03967A572C7F29D800707163 /* TickerSearch.swift in Sources */,
				033372F22C8711D4009A611A /* CompanyProfileView.swift in Sources */,
				033372F42C874CAD009A611A /* AboutTheCompanyDescription.swift in Sources */,
				033372E12C85E65F009A611A /* TickersNewsRow.swift in Sources */,
				03AF61C42C885483006B1143 /* ProfileHeaderItems.swift in Sources */,
				0373BBE92C9AE88500C21627 /* ProfileView.swift in Sources */,
				03967A6C2C7FE2E700707163 /* TickerQuoteAv.swift in Sources */,
				03718EE02C7D1969007284CB /* StockWatcherApp.swift in Sources */,
				03B59C6F2C81F661002DB53A /* MockRepository.swift in Sources */,
				03A370312C9368DC00F13A39 /* TextFields.swift in Sources */,
				03AF61D42C8B829B006B1143 /* DetailsViewModel.swift in Sources */,
				03B59C712C81F693002DB53A /* Protocols.swift in Sources */,
				03A370332C93691200F13A39 /* AuthenticationViewModel.swift in Sources */,
				03967A732C808D4100707163 /* TickerAvQuoteRow.swift in Sources */,
				0373BBF52CA1858E00C21627 /* ChatComment.swift in Sources */,
				03527ADE2CA5628C0011B223 /* NewPostSheet.swift in Sources */,
				03967A5E2C7FB04000707163 /* TickerQuoteRow.swift in Sources */,
				03718EFC2C7E8E2C007284CB /* HomeViewModel.swift in Sources */,
				03527AD62CA4798D0011B223 /* SocialChatCommentRow.swift in Sources */,
				03B59C6D2C81F63E002DB53A /* MainRepository.swift in Sources */,
				03527AE22CA5863A0011B223 /* ProfileIconPick.swift in Sources */,
				0373BBE22C99C91B00C21627 /* FirestoreUser.swift in Sources */,
				03B59C752C820BE6002DB53A /* TickerSentiment.swift in Sources */,
				039E46C42CA9F33F00A3FAF6 /* LikeOrDislikeAComment.swift in Sources */,
				03A370202C91D63200F13A39 /* MyList.swift in Sources */,
				03AF61D02C8B2A38006B1143 /* NumberFormatterHelper.swift in Sources */,
				03B59C732C820A07002DB53A /* TickerNews.swift in Sources */,
				03967A6F2C7FE47700707163 /* AlphaAvantageResponse.swift in Sources */,
				03967A612C7FB3FF00707163 /* MonospacedStyle.swift in Sources */,
				03C170E82CA42241008EC9E8 /* SocialFeedViewModel.swift in Sources */,
				03AF61D62C8F11DE006B1143 /* TickerChart.swift in Sources */,
				03718EF22C7E003C007284CB /* ApiClient.swift in Sources */,
				03527ADA2CA4A1A80011B223 /* ChatCommentsViewModel.swift in Sources */,
				03AF61CA2C8AF782006B1143 /* PriceRangeTable.swift in Sources */,
				03967A592C7F5D1800707163 /* TickerQuote.swift in Sources */,
				033372E52C85EF0C009A611A /* TickerSentimentItem.swift in Sources */,
				03AF61D22C8B7EFE006B1143 /* InfoTable.swift in Sources */,
				03718EF42C7E1110007284CB /* UrlComponents.swift in Sources */,
				03A3701E2C91D5C900F13A39 /* SearchView.swift in Sources */,
				03C170E62CA412D5008EC9E8 /* LikedOrDislikedPost.swift in Sources */,
				0373BBF32CA1665B00C21627 /* SocialChat.swift in Sources */,
				0373BBD72C98DA1800C21627 /* FirebaseRepository.swift in Sources */,
				03C170E42CA2C149008EC9E8 /* SocialChatRow.swift in Sources */,
				03527ADC2CA551060011B223 /* EmptyViewWithText.swift in Sources */,
				03718EF62C7E4D45007284CB /* ApiKeys.swift in Sources */,
				03967A5C2C7FABE400707163 /* HomeView.swift in Sources */,
				03718EF82C7E4E01007284CB /* ApiErrors.swift in Sources */,
				03967A7E2C809C4A00707163 /* TabsView.swift in Sources */,
				0373BBD92C98E44500C21627 /* GoogleSignInButton.swift in Sources */,
				03527AD42CA4783E0011B223 /* SociaFeedList.swift in Sources */,
				03527AE02CA577430011B223 /* NewCommentField.swift in Sources */,
				033372E92C85F676009A611A /* NewsViewModel.swift in Sources */,
				033372D92C85B396009A611A /* PickerItems.swift in Sources */,
				0373BBF12C9DC9CE00C21627 /* WatchlistTicker.swift in Sources */,
				03B59C772C820C17002DB53A /* ChartQuote.swift in Sources */,
				033372EB2C85FDE9009A611A /* AlphaAvantageNewsResponse.swift in Sources */,
				03A3701C2C91A5F700F13A39 /* SearchTickerRow.swift in Sources */,
				0373BBEF2C9C448200C21627 /* DeleteAccountButton.swift in Sources */,
				03AF61CC2C8B029F006B1143 /* GaugeTintByValue.swift in Sources */,
				03A370372C936B7800F13A39 /* SignInToggleText.swift in Sources */,
			);
			runOnlyForDeploymentPostprocessing = 0;
		};
/* End PBXSourcesBuildPhase section */

/* Begin XCBuildConfiguration section */
		03718EE82C7D196A007284CB /* Debug */ = {
			isa = XCBuildConfiguration;
			buildSettings = {
				ALWAYS_SEARCH_USER_PATHS = NO;
				ASSETCATALOG_COMPILER_GENERATE_SWIFT_ASSET_SYMBOL_EXTENSIONS = YES;
				CLANG_ANALYZER_NONNULL = YES;
				CLANG_ANALYZER_NUMBER_OBJECT_CONVERSION = YES_AGGRESSIVE;
				CLANG_CXX_LANGUAGE_STANDARD = "gnu++20";
				CLANG_ENABLE_MODULES = YES;
				CLANG_ENABLE_OBJC_ARC = YES;
				CLANG_ENABLE_OBJC_WEAK = YES;
				CLANG_WARN_BLOCK_CAPTURE_AUTORELEASING = YES;
				CLANG_WARN_BOOL_CONVERSION = YES;
				CLANG_WARN_COMMA = YES;
				CLANG_WARN_CONSTANT_CONVERSION = YES;
				CLANG_WARN_DEPRECATED_OBJC_IMPLEMENTATIONS = YES;
				CLANG_WARN_DIRECT_OBJC_ISA_USAGE = YES_ERROR;
				CLANG_WARN_DOCUMENTATION_COMMENTS = YES;
				CLANG_WARN_EMPTY_BODY = YES;
				CLANG_WARN_ENUM_CONVERSION = YES;
				CLANG_WARN_INFINITE_RECURSION = YES;
				CLANG_WARN_INT_CONVERSION = YES;
				CLANG_WARN_NON_LITERAL_NULL_CONVERSION = YES;
				CLANG_WARN_OBJC_IMPLICIT_RETAIN_SELF = YES;
				CLANG_WARN_OBJC_LITERAL_CONVERSION = YES;
				CLANG_WARN_OBJC_ROOT_CLASS = YES_ERROR;
				CLANG_WARN_QUOTED_INCLUDE_IN_FRAMEWORK_HEADER = YES;
				CLANG_WARN_RANGE_LOOP_ANALYSIS = YES;
				CLANG_WARN_STRICT_PROTOTYPES = YES;
				CLANG_WARN_SUSPICIOUS_MOVE = YES;
				CLANG_WARN_UNGUARDED_AVAILABILITY = YES_AGGRESSIVE;
				CLANG_WARN_UNREACHABLE_CODE = YES;
				CLANG_WARN__DUPLICATE_METHOD_MATCH = YES;
				COPY_PHASE_STRIP = NO;
				DEBUG_INFORMATION_FORMAT = dwarf;
				ENABLE_STRICT_OBJC_MSGSEND = YES;
				ENABLE_TESTABILITY = YES;
				ENABLE_USER_SCRIPT_SANDBOXING = YES;
				GCC_C_LANGUAGE_STANDARD = gnu17;
				GCC_DYNAMIC_NO_PIC = NO;
				GCC_NO_COMMON_BLOCKS = YES;
				GCC_OPTIMIZATION_LEVEL = 0;
				GCC_PREPROCESSOR_DEFINITIONS = (
					"DEBUG=1",
					"$(inherited)",
				);
				GCC_WARN_64_TO_32_BIT_CONVERSION = YES;
				GCC_WARN_ABOUT_RETURN_TYPE = YES_ERROR;
				GCC_WARN_UNDECLARED_SELECTOR = YES;
				GCC_WARN_UNINITIALIZED_AUTOS = YES_AGGRESSIVE;
				GCC_WARN_UNUSED_FUNCTION = YES;
				GCC_WARN_UNUSED_VARIABLE = YES;
				IPHONEOS_DEPLOYMENT_TARGET = 17.5;
				LOCALIZATION_PREFERS_STRING_CATALOGS = YES;
				MTL_ENABLE_DEBUG_INFO = INCLUDE_SOURCE;
				MTL_FAST_MATH = YES;
				ONLY_ACTIVE_ARCH = YES;
				SDKROOT = iphoneos;
				SWIFT_ACTIVE_COMPILATION_CONDITIONS = "DEBUG $(inherited)";
				SWIFT_OPTIMIZATION_LEVEL = "-Onone";
			};
			name = Debug;
		};
		03718EE92C7D196A007284CB /* Release */ = {
			isa = XCBuildConfiguration;
			buildSettings = {
				ALWAYS_SEARCH_USER_PATHS = NO;
				ASSETCATALOG_COMPILER_GENERATE_SWIFT_ASSET_SYMBOL_EXTENSIONS = YES;
				CLANG_ANALYZER_NONNULL = YES;
				CLANG_ANALYZER_NUMBER_OBJECT_CONVERSION = YES_AGGRESSIVE;
				CLANG_CXX_LANGUAGE_STANDARD = "gnu++20";
				CLANG_ENABLE_MODULES = YES;
				CLANG_ENABLE_OBJC_ARC = YES;
				CLANG_ENABLE_OBJC_WEAK = YES;
				CLANG_WARN_BLOCK_CAPTURE_AUTORELEASING = YES;
				CLANG_WARN_BOOL_CONVERSION = YES;
				CLANG_WARN_COMMA = YES;
				CLANG_WARN_CONSTANT_CONVERSION = YES;
				CLANG_WARN_DEPRECATED_OBJC_IMPLEMENTATIONS = YES;
				CLANG_WARN_DIRECT_OBJC_ISA_USAGE = YES_ERROR;
				CLANG_WARN_DOCUMENTATION_COMMENTS = YES;
				CLANG_WARN_EMPTY_BODY = YES;
				CLANG_WARN_ENUM_CONVERSION = YES;
				CLANG_WARN_INFINITE_RECURSION = YES;
				CLANG_WARN_INT_CONVERSION = YES;
				CLANG_WARN_NON_LITERAL_NULL_CONVERSION = YES;
				CLANG_WARN_OBJC_IMPLICIT_RETAIN_SELF = YES;
				CLANG_WARN_OBJC_LITERAL_CONVERSION = YES;
				CLANG_WARN_OBJC_ROOT_CLASS = YES_ERROR;
				CLANG_WARN_QUOTED_INCLUDE_IN_FRAMEWORK_HEADER = YES;
				CLANG_WARN_RANGE_LOOP_ANALYSIS = YES;
				CLANG_WARN_STRICT_PROTOTYPES = YES;
				CLANG_WARN_SUSPICIOUS_MOVE = YES;
				CLANG_WARN_UNGUARDED_AVAILABILITY = YES_AGGRESSIVE;
				CLANG_WARN_UNREACHABLE_CODE = YES;
				CLANG_WARN__DUPLICATE_METHOD_MATCH = YES;
				COPY_PHASE_STRIP = NO;
				DEBUG_INFORMATION_FORMAT = "dwarf-with-dsym";
				ENABLE_NS_ASSERTIONS = NO;
				ENABLE_STRICT_OBJC_MSGSEND = YES;
				ENABLE_USER_SCRIPT_SANDBOXING = YES;
				GCC_C_LANGUAGE_STANDARD = gnu17;
				GCC_NO_COMMON_BLOCKS = YES;
				GCC_WARN_64_TO_32_BIT_CONVERSION = YES;
				GCC_WARN_ABOUT_RETURN_TYPE = YES_ERROR;
				GCC_WARN_UNDECLARED_SELECTOR = YES;
				GCC_WARN_UNINITIALIZED_AUTOS = YES_AGGRESSIVE;
				GCC_WARN_UNUSED_FUNCTION = YES;
				GCC_WARN_UNUSED_VARIABLE = YES;
				IPHONEOS_DEPLOYMENT_TARGET = 17.5;
				LOCALIZATION_PREFERS_STRING_CATALOGS = YES;
				MTL_ENABLE_DEBUG_INFO = NO;
				MTL_FAST_MATH = YES;
				SDKROOT = iphoneos;
				SWIFT_COMPILATION_MODE = wholemodule;
				VALIDATE_PRODUCT = YES;
			};
			name = Release;
		};
		03718EEB2C7D196A007284CB /* Debug */ = {
			isa = XCBuildConfiguration;
			buildSettings = {
				ASSETCATALOG_COMPILER_APPICON_NAME = AppIcon;
				ASSETCATALOG_COMPILER_GLOBAL_ACCENT_COLOR_NAME = Primary;
				CODE_SIGN_STYLE = Automatic;
				CURRENT_PROJECT_VERSION = 1;
				DEVELOPMENT_ASSET_PATHS = "\"StockWatcherApp/Preview Content\"";
				DEVELOPMENT_TEAM = 6G4635XAM6;
				ENABLE_PREVIEWS = YES;
				GENERATE_INFOPLIST_FILE = YES;
				INFOPLIST_FILE = StockWatcherApp/Info.plist;
				INFOPLIST_KEY_UIApplicationSceneManifest_Generation = YES;
				INFOPLIST_KEY_UIApplicationSupportsIndirectInputEvents = YES;
				INFOPLIST_KEY_UILaunchScreen_Generation = YES;
				INFOPLIST_KEY_UISupportedInterfaceOrientations_iPad = "UIInterfaceOrientationPortrait UIInterfaceOrientationPortraitUpsideDown UIInterfaceOrientationLandscapeLeft UIInterfaceOrientationLandscapeRight";
				INFOPLIST_KEY_UISupportedInterfaceOrientations_iPhone = "UIInterfaceOrientationPortrait UIInterfaceOrientationLandscapeLeft UIInterfaceOrientationLandscapeRight";
				LD_RUNPATH_SEARCH_PATHS = (
					"$(inherited)",
					"@executable_path/Frameworks",
				);
				MARKETING_VERSION = 1.0;
				PRODUCT_BUNDLE_IDENTIFIER = NickS94.StockWatcherApp;
				PRODUCT_NAME = "$(TARGET_NAME)";
				SWIFT_EMIT_LOC_STRINGS = YES;
				SWIFT_VERSION = 5.0;
				TARGETED_DEVICE_FAMILY = "1,2";
			};
			name = Debug;
		};
		03718EEC2C7D196A007284CB /* Release */ = {
			isa = XCBuildConfiguration;
			buildSettings = {
				ASSETCATALOG_COMPILER_APPICON_NAME = AppIcon;
				ASSETCATALOG_COMPILER_GLOBAL_ACCENT_COLOR_NAME = Primary;
				CODE_SIGN_STYLE = Automatic;
				CURRENT_PROJECT_VERSION = 1;
				DEVELOPMENT_ASSET_PATHS = "\"StockWatcherApp/Preview Content\"";
				DEVELOPMENT_TEAM = 6G4635XAM6;
				ENABLE_PREVIEWS = YES;
				GENERATE_INFOPLIST_FILE = YES;
				INFOPLIST_FILE = StockWatcherApp/Info.plist;
				INFOPLIST_KEY_UIApplicationSceneManifest_Generation = YES;
				INFOPLIST_KEY_UIApplicationSupportsIndirectInputEvents = YES;
				INFOPLIST_KEY_UILaunchScreen_Generation = YES;
				INFOPLIST_KEY_UISupportedInterfaceOrientations_iPad = "UIInterfaceOrientationPortrait UIInterfaceOrientationPortraitUpsideDown UIInterfaceOrientationLandscapeLeft UIInterfaceOrientationLandscapeRight";
				INFOPLIST_KEY_UISupportedInterfaceOrientations_iPhone = "UIInterfaceOrientationPortrait UIInterfaceOrientationLandscapeLeft UIInterfaceOrientationLandscapeRight";
				LD_RUNPATH_SEARCH_PATHS = (
					"$(inherited)",
					"@executable_path/Frameworks",
				);
				MARKETING_VERSION = 1.0;
				PRODUCT_BUNDLE_IDENTIFIER = NickS94.StockWatcherApp;
				PRODUCT_NAME = "$(TARGET_NAME)";
				SWIFT_EMIT_LOC_STRINGS = YES;
				SWIFT_VERSION = 5.0;
				TARGETED_DEVICE_FAMILY = "1,2";
			};
			name = Release;
		};
/* End XCBuildConfiguration section */

/* Begin XCConfigurationList section */
		03718ED72C7D1969007284CB /* Build configuration list for PBXProject "StockWatcherApp" */ = {
			isa = XCConfigurationList;
			buildConfigurations = (
				03718EE82C7D196A007284CB /* Debug */,
				03718EE92C7D196A007284CB /* Release */,
			);
			defaultConfigurationIsVisible = 0;
			defaultConfigurationName = Release;
		};
		03718EEA2C7D196A007284CB /* Build configuration list for PBXNativeTarget "StockWatcherApp" */ = {
			isa = XCConfigurationList;
			buildConfigurations = (
				03718EEB2C7D196A007284CB /* Debug */,
				03718EEC2C7D196A007284CB /* Release */,
			);
			defaultConfigurationIsVisible = 0;
			defaultConfigurationName = Release;
		};
/* End XCConfigurationList section */

/* Begin XCRemoteSwiftPackageReference section */
		0373BBD12C984A2800C21627 /* XCRemoteSwiftPackageReference "GoogleSignIn-iOS" */ = {
			isa = XCRemoteSwiftPackageReference;
			repositoryURL = "https://github.com/google/GoogleSignIn-iOS";
			requirement = {
				kind = upToNextMajorVersion;
				minimumVersion = 8.0.0;
			};
		};
		03A370232C935B7D00F13A39 /* XCRemoteSwiftPackageReference "firebase-ios-sdk" */ = {
			isa = XCRemoteSwiftPackageReference;
			repositoryURL = "https://github.com/firebase/firebase-ios-sdk";
			requirement = {
				kind = upToNextMajorVersion;
				minimumVersion = 11.2.0;
			};
		};
/* End XCRemoteSwiftPackageReference section */

/* Begin XCSwiftPackageProductDependency section */
		0373BBD22C984A2800C21627 /* GoogleSignIn */ = {
			isa = XCSwiftPackageProductDependency;
			package = 0373BBD12C984A2800C21627 /* XCRemoteSwiftPackageReference "GoogleSignIn-iOS" */;
			productName = GoogleSignIn;
		};
		0373BBD42C984A2800C21627 /* GoogleSignInSwift */ = {
			isa = XCSwiftPackageProductDependency;
			package = 0373BBD12C984A2800C21627 /* XCRemoteSwiftPackageReference "GoogleSignIn-iOS" */;
			productName = GoogleSignInSwift;
		};
		03A370242C935B7D00F13A39 /* FirebaseAuth */ = {
			isa = XCSwiftPackageProductDependency;
			package = 03A370232C935B7D00F13A39 /* XCRemoteSwiftPackageReference "firebase-ios-sdk" */;
			productName = FirebaseAuth;
		};
		03A370262C935B7D00F13A39 /* FirebaseDatabase */ = {
			isa = XCSwiftPackageProductDependency;
			package = 03A370232C935B7D00F13A39 /* XCRemoteSwiftPackageReference "firebase-ios-sdk" */;
			productName = FirebaseDatabase;
		};
		03A370282C935B7D00F13A39 /* FirebaseFirestore */ = {
			isa = XCSwiftPackageProductDependency;
			package = 03A370232C935B7D00F13A39 /* XCRemoteSwiftPackageReference "firebase-ios-sdk" */;
			productName = FirebaseFirestore;
		};
		03A3702A2C935B7D00F13A39 /* FirebaseStorage */ = {
			isa = XCSwiftPackageProductDependency;
			package = 03A370232C935B7D00F13A39 /* XCRemoteSwiftPackageReference "firebase-ios-sdk" */;
			productName = FirebaseStorage;
		};
/* End XCSwiftPackageProductDependency section */
	};
	rootObject = 03718ED42C7D1969007284CB /* Project object */;
}
