// !$*UTF8*$!
{
	archiveVersion = 1;
	classes = {
	};
	objectVersion = 56;
	objects = {

/* Begin PBXBuildFile section */
		03718EE02C7D1969007284CB /* StockWatcherAppApp.swift in Sources */ = {isa = PBXBuildFile; fileRef = 03718EDF2C7D1969007284CB /* StockWatcherAppApp.swift */; };
		03718EE22C7D1969007284CB /* ContentView.swift in Sources */ = {isa = PBXBuildFile; fileRef = 03718EE12C7D1969007284CB /* ContentView.swift */; };
		03718EE42C7D196A007284CB /* Assets.xcassets in Resources */ = {isa = PBXBuildFile; fileRef = 03718EE32C7D196A007284CB /* Assets.xcassets */; };
		03718EE72C7D196A007284CB /* Preview Assets.xcassets in Resources */ = {isa = PBXBuildFile; fileRef = 03718EE62C7D196A007284CB /* Preview Assets.xcassets */; };
		03718EF22C7E003C007284CB /* ApiClient.swift in Sources */ = {isa = PBXBuildFile; fileRef = 03718EF12C7E003C007284CB /* ApiClient.swift */; };
		03718EF42C7E1110007284CB /* UrlComponents.swift in Sources */ = {isa = PBXBuildFile; fileRef = 03718EF32C7E1110007284CB /* UrlComponents.swift */; };
		03718EF62C7E4D45007284CB /* ApiKeys.swift in Sources */ = {isa = PBXBuildFile; fileRef = 03718EF52C7E4D45007284CB /* ApiKeys.swift */; };
		03718EF82C7E4E01007284CB /* ApiErrors.swift in Sources */ = {isa = PBXBuildFile; fileRef = 03718EF72C7E4E01007284CB /* ApiErrors.swift */; };
		03718EFC2C7E8E2C007284CB /* MyListViewModel.swift in Sources */ = {isa = PBXBuildFile; fileRef = 03718EFB2C7E8E2C007284CB /* MyListViewModel.swift */; };
		03718EFF2C7E9057007284CB /* TickerProfile.swift in Sources */ = {isa = PBXBuildFile; fileRef = 03718EFE2C7E9057007284CB /* TickerProfile.swift */; };
		03967A572C7F29D800707163 /* TickerSearch.swift in Sources */ = {isa = PBXBuildFile; fileRef = 03967A562C7F29D800707163 /* TickerSearch.swift */; };
		03967A592C7F5D1800707163 /* TickerQuote.swift in Sources */ = {isa = PBXBuildFile; fileRef = 03967A582C7F5D1800707163 /* TickerQuote.swift */; };
		03967A5C2C7FABE400707163 /* MyListView.swift in Sources */ = {isa = PBXBuildFile; fileRef = 03967A5B2C7FABE400707163 /* MyListView.swift */; };
		03967A5E2C7FB04000707163 /* TickerQuoteRow.swift in Sources */ = {isa = PBXBuildFile; fileRef = 03967A5D2C7FB04000707163 /* TickerQuoteRow.swift */; };
		03967A612C7FB3FF00707163 /* MonospacedStyle.swift in Sources */ = {isa = PBXBuildFile; fileRef = 03967A602C7FB3FF00707163 /* MonospacedStyle.swift */; };
		03967A632C7FCA4D00707163 /* ColouredValue.swift in Sources */ = {isa = PBXBuildFile; fileRef = 03967A622C7FCA4D00707163 /* ColouredValue.swift */; };
		03967A692C7FE27500707163 /* HotListsView.swift in Sources */ = {isa = PBXBuildFile; fileRef = 03967A682C7FE27500707163 /* HotListsView.swift */; };
		03967A6C2C7FE2E700707163 /* TickerQuoteAv.swift in Sources */ = {isa = PBXBuildFile; fileRef = 03967A6B2C7FE2E700707163 /* TickerQuoteAv.swift */; };
		03967A6F2C7FE47700707163 /* AlphaAvantageResponse.swift in Sources */ = {isa = PBXBuildFile; fileRef = 03967A6E2C7FE47700707163 /* AlphaAvantageResponse.swift */; };
		03967A712C805F0400707163 /* HotTickersViewModel.swift in Sources */ = {isa = PBXBuildFile; fileRef = 03967A702C805F0400707163 /* HotTickersViewModel.swift */; };
		03967A732C808D4100707163 /* TickerAvQuoteRow.swift in Sources */ = {isa = PBXBuildFile; fileRef = 03967A722C808D4100707163 /* TickerAvQuoteRow.swift */; };
		03967A752C808F3F00707163 /* ColouredValuesStrings.swift in Sources */ = {isa = PBXBuildFile; fileRef = 03967A742C808F3F00707163 /* ColouredValuesStrings.swift */; };
		03967A782C809AF900707163 /* GainersList.swift in Sources */ = {isa = PBXBuildFile; fileRef = 03967A772C809AF900707163 /* GainersList.swift */; };
		03967A7A2C809B4200707163 /* LosersList.swift in Sources */ = {isa = PBXBuildFile; fileRef = 03967A792C809B4200707163 /* LosersList.swift */; };
		03967A7C2C809B9E00707163 /* MostTradedList.swift in Sources */ = {isa = PBXBuildFile; fileRef = 03967A7B2C809B9E00707163 /* MostTradedList.swift */; };
		03967A7E2C809C4A00707163 /* TabsView.swift in Sources */ = {isa = PBXBuildFile; fileRef = 03967A7D2C809C4A00707163 /* TabsView.swift */; };
		03B59C6D2C81F63E002DB53A /* MainRepository.swift in Sources */ = {isa = PBXBuildFile; fileRef = 03B59C6C2C81F63E002DB53A /* MainRepository.swift */; };
		03B59C6F2C81F661002DB53A /* MockRepository.swift in Sources */ = {isa = PBXBuildFile; fileRef = 03B59C6E2C81F661002DB53A /* MockRepository.swift */; };
		03B59C712C81F693002DB53A /* Protocols.swift in Sources */ = {isa = PBXBuildFile; fileRef = 03B59C702C81F693002DB53A /* Protocols.swift */; };
/* End PBXBuildFile section */

/* Begin PBXFileReference section */
		03718EDC2C7D1969007284CB /* StockWatcherApp.app */ = {isa = PBXFileReference; explicitFileType = wrapper.application; includeInIndex = 0; path = StockWatcherApp.app; sourceTree = BUILT_PRODUCTS_DIR; };
		03718EDF2C7D1969007284CB /* StockWatcherAppApp.swift */ = {isa = PBXFileReference; lastKnownFileType = sourcecode.swift; path = StockWatcherAppApp.swift; sourceTree = "<group>"; };
		03718EE12C7D1969007284CB /* ContentView.swift */ = {isa = PBXFileReference; lastKnownFileType = sourcecode.swift; path = ContentView.swift; sourceTree = "<group>"; };
		03718EE32C7D196A007284CB /* Assets.xcassets */ = {isa = PBXFileReference; lastKnownFileType = folder.assetcatalog; path = Assets.xcassets; sourceTree = "<group>"; };
		03718EE62C7D196A007284CB /* Preview Assets.xcassets */ = {isa = PBXFileReference; lastKnownFileType = folder.assetcatalog; path = "Preview Assets.xcassets"; sourceTree = "<group>"; };
		03718EF12C7E003C007284CB /* ApiClient.swift */ = {isa = PBXFileReference; lastKnownFileType = sourcecode.swift; path = ApiClient.swift; sourceTree = "<group>"; };
		03718EF32C7E1110007284CB /* UrlComponents.swift */ = {isa = PBXFileReference; lastKnownFileType = sourcecode.swift; path = UrlComponents.swift; sourceTree = "<group>"; };
		03718EF52C7E4D45007284CB /* ApiKeys.swift */ = {isa = PBXFileReference; lastKnownFileType = sourcecode.swift; path = ApiKeys.swift; sourceTree = "<group>"; };
		03718EF72C7E4E01007284CB /* ApiErrors.swift */ = {isa = PBXFileReference; lastKnownFileType = sourcecode.swift; path = ApiErrors.swift; sourceTree = "<group>"; };
		03718EFB2C7E8E2C007284CB /* MyListViewModel.swift */ = {isa = PBXFileReference; lastKnownFileType = sourcecode.swift; path = MyListViewModel.swift; sourceTree = "<group>"; };
		03718EFE2C7E9057007284CB /* TickerProfile.swift */ = {isa = PBXFileReference; lastKnownFileType = sourcecode.swift; path = TickerProfile.swift; sourceTree = "<group>"; };
		03967A562C7F29D800707163 /* TickerSearch.swift */ = {isa = PBXFileReference; lastKnownFileType = sourcecode.swift; path = TickerSearch.swift; sourceTree = "<group>"; };
		03967A582C7F5D1800707163 /* TickerQuote.swift */ = {isa = PBXFileReference; lastKnownFileType = sourcecode.swift; path = TickerQuote.swift; sourceTree = "<group>"; };
		03967A5B2C7FABE400707163 /* MyListView.swift */ = {isa = PBXFileReference; lastKnownFileType = sourcecode.swift; path = MyListView.swift; sourceTree = "<group>"; };
		03967A5D2C7FB04000707163 /* TickerQuoteRow.swift */ = {isa = PBXFileReference; lastKnownFileType = sourcecode.swift; path = TickerQuoteRow.swift; sourceTree = "<group>"; };
		03967A602C7FB3FF00707163 /* MonospacedStyle.swift */ = {isa = PBXFileReference; lastKnownFileType = sourcecode.swift; path = MonospacedStyle.swift; sourceTree = "<group>"; };
		03967A622C7FCA4D00707163 /* ColouredValue.swift */ = {isa = PBXFileReference; lastKnownFileType = sourcecode.swift; path = ColouredValue.swift; sourceTree = "<group>"; };
		03967A682C7FE27500707163 /* HotListsView.swift */ = {isa = PBXFileReference; lastKnownFileType = sourcecode.swift; path = HotListsView.swift; sourceTree = "<group>"; };
		03967A6B2C7FE2E700707163 /* TickerQuoteAv.swift */ = {isa = PBXFileReference; lastKnownFileType = sourcecode.swift; path = TickerQuoteAv.swift; sourceTree = "<group>"; };
		03967A6E2C7FE47700707163 /* AlphaAvantageResponse.swift */ = {isa = PBXFileReference; lastKnownFileType = sourcecode.swift; path = AlphaAvantageResponse.swift; sourceTree = "<group>"; };
		03967A702C805F0400707163 /* HotTickersViewModel.swift */ = {isa = PBXFileReference; lastKnownFileType = sourcecode.swift; path = HotTickersViewModel.swift; sourceTree = "<group>"; };
		03967A722C808D4100707163 /* TickerAvQuoteRow.swift */ = {isa = PBXFileReference; lastKnownFileType = sourcecode.swift; path = TickerAvQuoteRow.swift; sourceTree = "<group>"; };
		03967A742C808F3F00707163 /* ColouredValuesStrings.swift */ = {isa = PBXFileReference; lastKnownFileType = sourcecode.swift; path = ColouredValuesStrings.swift; sourceTree = "<group>"; };
		03967A772C809AF900707163 /* GainersList.swift */ = {isa = PBXFileReference; lastKnownFileType = sourcecode.swift; path = GainersList.swift; sourceTree = "<group>"; };
		03967A792C809B4200707163 /* LosersList.swift */ = {isa = PBXFileReference; lastKnownFileType = sourcecode.swift; path = LosersList.swift; sourceTree = "<group>"; };
		03967A7B2C809B9E00707163 /* MostTradedList.swift */ = {isa = PBXFileReference; lastKnownFileType = sourcecode.swift; path = MostTradedList.swift; sourceTree = "<group>"; };
		03967A7D2C809C4A00707163 /* TabsView.swift */ = {isa = PBXFileReference; lastKnownFileType = sourcecode.swift; path = TabsView.swift; sourceTree = "<group>"; };
		03B59C6A2C81C7B0002DB53A /* Info.plist */ = {isa = PBXFileReference; lastKnownFileType = text.plist; path = Info.plist; sourceTree = "<group>"; };
		03B59C6C2C81F63E002DB53A /* MainRepository.swift */ = {isa = PBXFileReference; lastKnownFileType = sourcecode.swift; path = MainRepository.swift; sourceTree = "<group>"; };
		03B59C6E2C81F661002DB53A /* MockRepository.swift */ = {isa = PBXFileReference; lastKnownFileType = sourcecode.swift; path = MockRepository.swift; sourceTree = "<group>"; };
		03B59C702C81F693002DB53A /* Protocols.swift */ = {isa = PBXFileReference; lastKnownFileType = sourcecode.swift; path = Protocols.swift; sourceTree = "<group>"; };
/* End PBXFileReference section */

/* Begin PBXFrameworksBuildPhase section */
		03718ED92C7D1969007284CB /* Frameworks */ = {
			isa = PBXFrameworksBuildPhase;
			buildActionMask = 2147483647;
			files = (
			);
			runOnlyForDeploymentPostprocessing = 0;
		};
/* End PBXFrameworksBuildPhase section */

/* Begin PBXGroup section */
		03718ED32C7D1969007284CB = {
			isa = PBXGroup;
			children = (
				03718EDE2C7D1969007284CB /* StockWatcherApp */,
				03718EDD2C7D1969007284CB /* Products */,
			);
			sourceTree = "<group>";
		};
		03718EDD2C7D1969007284CB /* Products */ = {
			isa = PBXGroup;
			children = (
				03718EDC2C7D1969007284CB /* StockWatcherApp.app */,
			);
			name = Products;
			sourceTree = "<group>";
		};
		03718EDE2C7D1969007284CB /* StockWatcherApp */ = {
			isa = PBXGroup;
			children = (
				03B59C6A2C81C7B0002DB53A /* Info.plist */,
				03718EDF2C7D1969007284CB /* StockWatcherAppApp.swift */,
				03718EE12C7D1969007284CB /* ContentView.swift */,
				03718EEF2C7DFF99007284CB /* Helpers */,
				03B59C6B2C81F61C002DB53A /* Repositories */,
				03718EEE2C7DFF8D007284CB /* ApiService */,
				03718EED2C7DFF87007284CB /* Models */,
				03718EF02C7DFFA2007284CB /* Views */,
				03718EE32C7D196A007284CB /* Assets.xcassets */,
				03718EE52C7D196A007284CB /* Preview Content */,
			);
			path = StockWatcherApp;
			sourceTree = "<group>";
		};
		03718EE52C7D196A007284CB /* Preview Content */ = {
			isa = PBXGroup;
			children = (
				03718EE62C7D196A007284CB /* Preview Assets.xcassets */,
			);
			path = "Preview Content";
			sourceTree = "<group>";
		};
		03718EED2C7DFF87007284CB /* Models */ = {
			isa = PBXGroup;
			children = (
				03967A6A2C7FE2A100707163 /* AlphaAvantageModels */,
				03718EFD2C7E8F61007284CB /* FmpServiceModels */,
			);
			path = Models;
			sourceTree = "<group>";
		};
		03718EEE2C7DFF8D007284CB /* ApiService */ = {
			isa = PBXGroup;
			children = (
				03718EF12C7E003C007284CB /* ApiClient.swift */,
			);
			path = ApiService;
			sourceTree = "<group>";
		};
		03718EEF2C7DFF99007284CB /* Helpers */ = {
			isa = PBXGroup;
			children = (
				03967A642C7FDBF300707163 /* Enums */,
				03967A5F2C7FB3E200707163 /* Modifiers */,
			);
			path = Helpers;
			sourceTree = "<group>";
		};
		03718EF02C7DFFA2007284CB /* Views */ = {
			isa = PBXGroup;
			children = (
				03967A7D2C809C4A00707163 /* TabsView.swift */,
				03967A652C7FE21700707163 /* HotLists */,
				03718EF92C7E8E06007284CB /* MyLIst */,
			);
			path = Views;
			sourceTree = "<group>";
		};
		03718EF92C7E8E06007284CB /* MyLIst */ = {
			isa = PBXGroup;
			children = (
				03967A5A2C7FA59300707163 /* Components */,
				03718EFA2C7E8E1B007284CB /* ViewModels */,
				03967A5B2C7FABE400707163 /* MyListView.swift */,
			);
			path = MyLIst;
			sourceTree = "<group>";
		};
		03718EFA2C7E8E1B007284CB /* ViewModels */ = {
			isa = PBXGroup;
			children = (
				03718EFB2C7E8E2C007284CB /* MyListViewModel.swift */,
			);
			path = ViewModels;
			sourceTree = "<group>";
		};
		03718EFD2C7E8F61007284CB /* FmpServiceModels */ = {
			isa = PBXGroup;
			children = (
				03718EFE2C7E9057007284CB /* TickerProfile.swift */,
				03967A562C7F29D800707163 /* TickerSearch.swift */,
				03967A582C7F5D1800707163 /* TickerQuote.swift */,
			);
			path = FmpServiceModels;
			sourceTree = "<group>";
		};
		03967A5A2C7FA59300707163 /* Components */ = {
			isa = PBXGroup;
			children = (
				03967A5D2C7FB04000707163 /* TickerQuoteRow.swift */,
			);
			path = Components;
			sourceTree = "<group>";
		};
		03967A5F2C7FB3E200707163 /* Modifiers */ = {
			isa = PBXGroup;
			children = (
				03967A602C7FB3FF00707163 /* MonospacedStyle.swift */,
				03967A622C7FCA4D00707163 /* ColouredValue.swift */,
				03967A742C808F3F00707163 /* ColouredValuesStrings.swift */,
			);
			path = Modifiers;
			sourceTree = "<group>";
		};
		03967A642C7FDBF300707163 /* Enums */ = {
			isa = PBXGroup;
			children = (
				03718EF32C7E1110007284CB /* UrlComponents.swift */,
				03718EF52C7E4D45007284CB /* ApiKeys.swift */,
				03718EF72C7E4E01007284CB /* ApiErrors.swift */,
			);
			path = Enums;
			sourceTree = "<group>";
		};
		03967A652C7FE21700707163 /* HotLists */ = {
			isa = PBXGroup;
			children = (
				03967A672C7FE24800707163 /* Components */,
				03967A662C7FE23A00707163 /* ViewModels */,
				03967A682C7FE27500707163 /* HotListsView.swift */,
			);
			path = HotLists;
			sourceTree = "<group>";
		};
		03967A662C7FE23A00707163 /* ViewModels */ = {
			isa = PBXGroup;
			children = (
				03967A702C805F0400707163 /* HotTickersViewModel.swift */,
			);
			path = ViewModels;
			sourceTree = "<group>";
		};
		03967A672C7FE24800707163 /* Components */ = {
			isa = PBXGroup;
			children = (
				03967A722C808D4100707163 /* TickerAvQuoteRow.swift */,
				03967A772C809AF900707163 /* GainersList.swift */,
				03967A792C809B4200707163 /* LosersList.swift */,
				03967A7B2C809B9E00707163 /* MostTradedList.swift */,
			);
			path = Components;
			sourceTree = "<group>";
		};
		03967A6A2C7FE2A100707163 /* AlphaAvantageModels */ = {
			isa = PBXGroup;
			children = (
				03967A6B2C7FE2E700707163 /* TickerQuoteAv.swift */,
				03967A6E2C7FE47700707163 /* AlphaAvantageResponse.swift */,
			);
			path = AlphaAvantageModels;
			sourceTree = "<group>";
		};
		03B59C6B2C81F61C002DB53A /* Repositories */ = {
			isa = PBXGroup;
			children = (
				03B59C6C2C81F63E002DB53A /* MainRepository.swift */,
				03B59C6E2C81F661002DB53A /* MockRepository.swift */,
				03B59C702C81F693002DB53A /* Protocols.swift */,
			);
			path = Repositories;
			sourceTree = "<group>";
		};
/* End PBXGroup section */

/* Begin PBXNativeTarget section */
		03718EDB2C7D1969007284CB /* StockWatcherApp */ = {
			isa = PBXNativeTarget;
			buildConfigurationList = 03718EEA2C7D196A007284CB /* Build configuration list for PBXNativeTarget "StockWatcherApp" */;
			buildPhases = (
				03718ED82C7D1969007284CB /* Sources */,
				03718ED92C7D1969007284CB /* Frameworks */,
				03718EDA2C7D1969007284CB /* Resources */,
			);
			buildRules = (
			);
			dependencies = (
			);
			name = StockWatcherApp;
			productName = StockWatcherApp;
			productReference = 03718EDC2C7D1969007284CB /* StockWatcherApp.app */;
			productType = "com.apple.product-type.application";
		};
/* End PBXNativeTarget section */

/* Begin PBXProject section */
		03718ED42C7D1969007284CB /* Project object */ = {
			isa = PBXProject;
			attributes = {
				BuildIndependentTargetsInParallel = 1;
				LastSwiftUpdateCheck = 1540;
				LastUpgradeCheck = 1540;
				TargetAttributes = {
					03718EDB2C7D1969007284CB = {
						CreatedOnToolsVersion = 15.4;
					};
				};
			};
			buildConfigurationList = 03718ED72C7D1969007284CB /* Build configuration list for PBXProject "StockWatcherApp" */;
			compatibilityVersion = "Xcode 14.0";
			developmentRegion = en;
			hasScannedForEncodings = 0;
			knownRegions = (
				en,
				Base,
			);
			mainGroup = 03718ED32C7D1969007284CB;
			productRefGroup = 03718EDD2C7D1969007284CB /* Products */;
			projectDirPath = "";
			projectRoot = "";
			targets = (
				03718EDB2C7D1969007284CB /* StockWatcherApp */,
			);
		};
/* End PBXProject section */

/* Begin PBXResourcesBuildPhase section */
		03718EDA2C7D1969007284CB /* Resources */ = {
			isa = PBXResourcesBuildPhase;
			buildActionMask = 2147483647;
			files = (
				03718EE72C7D196A007284CB /* Preview Assets.xcassets in Resources */,
				03718EE42C7D196A007284CB /* Assets.xcassets in Resources */,
			);
			runOnlyForDeploymentPostprocessing = 0;
		};
/* End PBXResourcesBuildPhase section */

/* Begin PBXSourcesBuildPhase section */
		03718ED82C7D1969007284CB /* Sources */ = {
			isa = PBXSourcesBuildPhase;
			buildActionMask = 2147483647;
			files = (
				03967A632C7FCA4D00707163 /* ColouredValue.swift in Sources */,
				03967A782C809AF900707163 /* GainersList.swift in Sources */,
				03967A692C7FE27500707163 /* HotListsView.swift in Sources */,
				03718EE22C7D1969007284CB /* ContentView.swift in Sources */,
				03718EFF2C7E9057007284CB /* TickerProfile.swift in Sources */,
				03967A7A2C809B4200707163 /* LosersList.swift in Sources */,
				03967A712C805F0400707163 /* HotTickersViewModel.swift in Sources */,
				03967A752C808F3F00707163 /* ColouredValuesStrings.swift in Sources */,
				03967A572C7F29D800707163 /* TickerSearch.swift in Sources */,
				03967A6C2C7FE2E700707163 /* TickerQuoteAv.swift in Sources */,
				03718EE02C7D1969007284CB /* StockWatcherAppApp.swift in Sources */,
				03B59C6F2C81F661002DB53A /* MockRepository.swift in Sources */,
				03B59C712C81F693002DB53A /* Protocols.swift in Sources */,
				03967A732C808D4100707163 /* TickerAvQuoteRow.swift in Sources */,
				03967A5E2C7FB04000707163 /* TickerQuoteRow.swift in Sources */,
				03967A7C2C809B9E00707163 /* MostTradedList.swift in Sources */,
				03718EFC2C7E8E2C007284CB /* MyListViewModel.swift in Sources */,
				03B59C6D2C81F63E002DB53A /* MainRepository.swift in Sources */,
				03967A6F2C7FE47700707163 /* AlphaAvantageResponse.swift in Sources */,
				03967A612C7FB3FF00707163 /* MonospacedStyle.swift in Sources */,
				03718EF22C7E003C007284CB /* ApiClient.swift in Sources */,
				03967A592C7F5D1800707163 /* TickerQuote.swift in Sources */,
				03718EF42C7E1110007284CB /* UrlComponents.swift in Sources */,
				03718EF62C7E4D45007284CB /* ApiKeys.swift in Sources */,
				03967A5C2C7FABE400707163 /* MyListView.swift in Sources */,
				03718EF82C7E4E01007284CB /* ApiErrors.swift in Sources */,
				03967A7E2C809C4A00707163 /* TabsView.swift in Sources */,
			);
			runOnlyForDeploymentPostprocessing = 0;
		};
/* End PBXSourcesBuildPhase section */

/* Begin XCBuildConfiguration section */
		03718EE82C7D196A007284CB /* Debug */ = {
			isa = XCBuildConfiguration;
			buildSettings = {
				ALWAYS_SEARCH_USER_PATHS = NO;
				ASSETCATALOG_COMPILER_GENERATE_SWIFT_ASSET_SYMBOL_EXTENSIONS = YES;
				CLANG_ANALYZER_NONNULL = YES;
				CLANG_ANALYZER_NUMBER_OBJECT_CONVERSION = YES_AGGRESSIVE;
				CLANG_CXX_LANGUAGE_STANDARD = "gnu++20";
				CLANG_ENABLE_MODULES = YES;
				CLANG_ENABLE_OBJC_ARC = YES;
				CLANG_ENABLE_OBJC_WEAK = YES;
				CLANG_WARN_BLOCK_CAPTURE_AUTORELEASING = YES;
				CLANG_WARN_BOOL_CONVERSION = YES;
				CLANG_WARN_COMMA = YES;
				CLANG_WARN_CONSTANT_CONVERSION = YES;
				CLANG_WARN_DEPRECATED_OBJC_IMPLEMENTATIONS = YES;
				CLANG_WARN_DIRECT_OBJC_ISA_USAGE = YES_ERROR;
				CLANG_WARN_DOCUMENTATION_COMMENTS = YES;
				CLANG_WARN_EMPTY_BODY = YES;
				CLANG_WARN_ENUM_CONVERSION = YES;
				CLANG_WARN_INFINITE_RECURSION = YES;
				CLANG_WARN_INT_CONVERSION = YES;
				CLANG_WARN_NON_LITERAL_NULL_CONVERSION = YES;
				CLANG_WARN_OBJC_IMPLICIT_RETAIN_SELF = YES;
				CLANG_WARN_OBJC_LITERAL_CONVERSION = YES;
				CLANG_WARN_OBJC_ROOT_CLASS = YES_ERROR;
				CLANG_WARN_QUOTED_INCLUDE_IN_FRAMEWORK_HEADER = YES;
				CLANG_WARN_RANGE_LOOP_ANALYSIS = YES;
				CLANG_WARN_STRICT_PROTOTYPES = YES;
				CLANG_WARN_SUSPICIOUS_MOVE = YES;
				CLANG_WARN_UNGUARDED_AVAILABILITY = YES_AGGRESSIVE;
				CLANG_WARN_UNREACHABLE_CODE = YES;
				CLANG_WARN__DUPLICATE_METHOD_MATCH = YES;
				COPY_PHASE_STRIP = NO;
				DEBUG_INFORMATION_FORMAT = dwarf;
				ENABLE_STRICT_OBJC_MSGSEND = YES;
				ENABLE_TESTABILITY = YES;
				ENABLE_USER_SCRIPT_SANDBOXING = YES;
				GCC_C_LANGUAGE_STANDARD = gnu17;
				GCC_DYNAMIC_NO_PIC = NO;
				GCC_NO_COMMON_BLOCKS = YES;
				GCC_OPTIMIZATION_LEVEL = 0;
				GCC_PREPROCESSOR_DEFINITIONS = (
					"DEBUG=1",
					"$(inherited)",
				);
				GCC_WARN_64_TO_32_BIT_CONVERSION = YES;
				GCC_WARN_ABOUT_RETURN_TYPE = YES_ERROR;
				GCC_WARN_UNDECLARED_SELECTOR = YES;
				GCC_WARN_UNINITIALIZED_AUTOS = YES_AGGRESSIVE;
				GCC_WARN_UNUSED_FUNCTION = YES;
				GCC_WARN_UNUSED_VARIABLE = YES;
				IPHONEOS_DEPLOYMENT_TARGET = 17.5;
				LOCALIZATION_PREFERS_STRING_CATALOGS = YES;
				MTL_ENABLE_DEBUG_INFO = INCLUDE_SOURCE;
				MTL_FAST_MATH = YES;
				ONLY_ACTIVE_ARCH = YES;
				SDKROOT = iphoneos;
				SWIFT_ACTIVE_COMPILATION_CONDITIONS = "DEBUG $(inherited)";
				SWIFT_OPTIMIZATION_LEVEL = "-Onone";
			};
			name = Debug;
		};
		03718EE92C7D196A007284CB /* Release */ = {
			isa = XCBuildConfiguration;
			buildSettings = {
				ALWAYS_SEARCH_USER_PATHS = NO;
				ASSETCATALOG_COMPILER_GENERATE_SWIFT_ASSET_SYMBOL_EXTENSIONS = YES;
				CLANG_ANALYZER_NONNULL = YES;
				CLANG_ANALYZER_NUMBER_OBJECT_CONVERSION = YES_AGGRESSIVE;
				CLANG_CXX_LANGUAGE_STANDARD = "gnu++20";
				CLANG_ENABLE_MODULES = YES;
				CLANG_ENABLE_OBJC_ARC = YES;
				CLANG_ENABLE_OBJC_WEAK = YES;
				CLANG_WARN_BLOCK_CAPTURE_AUTORELEASING = YES;
				CLANG_WARN_BOOL_CONVERSION = YES;
				CLANG_WARN_COMMA = YES;
				CLANG_WARN_CONSTANT_CONVERSION = YES;
				CLANG_WARN_DEPRECATED_OBJC_IMPLEMENTATIONS = YES;
				CLANG_WARN_DIRECT_OBJC_ISA_USAGE = YES_ERROR;
				CLANG_WARN_DOCUMENTATION_COMMENTS = YES;
				CLANG_WARN_EMPTY_BODY = YES;
				CLANG_WARN_ENUM_CONVERSION = YES;
				CLANG_WARN_INFINITE_RECURSION = YES;
				CLANG_WARN_INT_CONVERSION = YES;
				CLANG_WARN_NON_LITERAL_NULL_CONVERSION = YES;
				CLANG_WARN_OBJC_IMPLICIT_RETAIN_SELF = YES;
				CLANG_WARN_OBJC_LITERAL_CONVERSION = YES;
				CLANG_WARN_OBJC_ROOT_CLASS = YES_ERROR;
				CLANG_WARN_QUOTED_INCLUDE_IN_FRAMEWORK_HEADER = YES;
				CLANG_WARN_RANGE_LOOP_ANALYSIS = YES;
				CLANG_WARN_STRICT_PROTOTYPES = YES;
				CLANG_WARN_SUSPICIOUS_MOVE = YES;
				CLANG_WARN_UNGUARDED_AVAILABILITY = YES_AGGRESSIVE;
				CLANG_WARN_UNREACHABLE_CODE = YES;
				CLANG_WARN__DUPLICATE_METHOD_MATCH = YES;
				COPY_PHASE_STRIP = NO;
				DEBUG_INFORMATION_FORMAT = "dwarf-with-dsym";
				ENABLE_NS_ASSERTIONS = NO;
				ENABLE_STRICT_OBJC_MSGSEND = YES;
				ENABLE_USER_SCRIPT_SANDBOXING = YES;
				GCC_C_LANGUAGE_STANDARD = gnu17;
				GCC_NO_COMMON_BLOCKS = YES;
				GCC_WARN_64_TO_32_BIT_CONVERSION = YES;
				GCC_WARN_ABOUT_RETURN_TYPE = YES_ERROR;
				GCC_WARN_UNDECLARED_SELECTOR = YES;
				GCC_WARN_UNINITIALIZED_AUTOS = YES_AGGRESSIVE;
				GCC_WARN_UNUSED_FUNCTION = YES;
				GCC_WARN_UNUSED_VARIABLE = YES;
				IPHONEOS_DEPLOYMENT_TARGET = 17.5;
				LOCALIZATION_PREFERS_STRING_CATALOGS = YES;
				MTL_ENABLE_DEBUG_INFO = NO;
				MTL_FAST_MATH = YES;
				SDKROOT = iphoneos;
				SWIFT_COMPILATION_MODE = wholemodule;
				VALIDATE_PRODUCT = YES;
			};
			name = Release;
		};
		03718EEB2C7D196A007284CB /* Debug */ = {
			isa = XCBuildConfiguration;
			buildSettings = {
				ASSETCATALOG_COMPILER_APPICON_NAME = AppIcon;
				ASSETCATALOG_COMPILER_GLOBAL_ACCENT_COLOR_NAME = AccentColor;
				CODE_SIGN_STYLE = Automatic;
				CURRENT_PROJECT_VERSION = 1;
				DEVELOPMENT_ASSET_PATHS = "\"StockWatcherApp/Preview Content\"";
				DEVELOPMENT_TEAM = 6G4635XAM6;
				ENABLE_PREVIEWS = YES;
				GENERATE_INFOPLIST_FILE = YES;
				INFOPLIST_FILE = StockWatcherApp/Info.plist;
				INFOPLIST_KEY_UIApplicationSceneManifest_Generation = YES;
				INFOPLIST_KEY_UIApplicationSupportsIndirectInputEvents = YES;
				INFOPLIST_KEY_UILaunchScreen_Generation = YES;
				INFOPLIST_KEY_UISupportedInterfaceOrientations_iPad = "UIInterfaceOrientationPortrait UIInterfaceOrientationPortraitUpsideDown UIInterfaceOrientationLandscapeLeft UIInterfaceOrientationLandscapeRight";
				INFOPLIST_KEY_UISupportedInterfaceOrientations_iPhone = "UIInterfaceOrientationPortrait UIInterfaceOrientationLandscapeLeft UIInterfaceOrientationLandscapeRight";
				LD_RUNPATH_SEARCH_PATHS = (
					"$(inherited)",
					"@executable_path/Frameworks",
				);
				MARKETING_VERSION = 1.0;
				PRODUCT_BUNDLE_IDENTIFIER = NickS94.StockWatcherApp;
				PRODUCT_NAME = "$(TARGET_NAME)";
				SWIFT_EMIT_LOC_STRINGS = YES;
				SWIFT_VERSION = 5.0;
				TARGETED_DEVICE_FAMILY = "1,2";
			};
			name = Debug;
		};
		03718EEC2C7D196A007284CB /* Release */ = {
			isa = XCBuildConfiguration;
			buildSettings = {
				ASSETCATALOG_COMPILER_APPICON_NAME = AppIcon;
				ASSETCATALOG_COMPILER_GLOBAL_ACCENT_COLOR_NAME = AccentColor;
				CODE_SIGN_STYLE = Automatic;
				CURRENT_PROJECT_VERSION = 1;
				DEVELOPMENT_ASSET_PATHS = "\"StockWatcherApp/Preview Content\"";
				DEVELOPMENT_TEAM = 6G4635XAM6;
				ENABLE_PREVIEWS = YES;
				GENERATE_INFOPLIST_FILE = YES;
				INFOPLIST_FILE = StockWatcherApp/Info.plist;
				INFOPLIST_KEY_UIApplicationSceneManifest_Generation = YES;
				INFOPLIST_KEY_UIApplicationSupportsIndirectInputEvents = YES;
				INFOPLIST_KEY_UILaunchScreen_Generation = YES;
				INFOPLIST_KEY_UISupportedInterfaceOrientations_iPad = "UIInterfaceOrientationPortrait UIInterfaceOrientationPortraitUpsideDown UIInterfaceOrientationLandscapeLeft UIInterfaceOrientationLandscapeRight";
				INFOPLIST_KEY_UISupportedInterfaceOrientations_iPhone = "UIInterfaceOrientationPortrait UIInterfaceOrientationLandscapeLeft UIInterfaceOrientationLandscapeRight";
				LD_RUNPATH_SEARCH_PATHS = (
					"$(inherited)",
					"@executable_path/Frameworks",
				);
				MARKETING_VERSION = 1.0;
				PRODUCT_BUNDLE_IDENTIFIER = NickS94.StockWatcherApp;
				PRODUCT_NAME = "$(TARGET_NAME)";
				SWIFT_EMIT_LOC_STRINGS = YES;
				SWIFT_VERSION = 5.0;
				TARGETED_DEVICE_FAMILY = "1,2";
			};
			name = Release;
		};
/* End XCBuildConfiguration section */

/* Begin XCConfigurationList section */
		03718ED72C7D1969007284CB /* Build configuration list for PBXProject "StockWatcherApp" */ = {
			isa = XCConfigurationList;
			buildConfigurations = (
				03718EE82C7D196A007284CB /* Debug */,
				03718EE92C7D196A007284CB /* Release */,
			);
			defaultConfigurationIsVisible = 0;
			defaultConfigurationName = Release;
		};
		03718EEA2C7D196A007284CB /* Build configuration list for PBXNativeTarget "StockWatcherApp" */ = {
			isa = XCConfigurationList;
			buildConfigurations = (
				03718EEB2C7D196A007284CB /* Debug */,
				03718EEC2C7D196A007284CB /* Release */,
			);
			defaultConfigurationIsVisible = 0;
			defaultConfigurationName = Release;
		};
/* End XCConfigurationList section */
	};
	rootObject = 03718ED42C7D1969007284CB /* Project object */;
}
